PODS:
  - Alamofire (4.9.1)
  - AlamofireImage (3.6.0):
    - Alamofire (~> 4.9)
  - AlamofireNetworkActivityIndicator (2.4.0):
    - Alamofire (~> 4.8)
  - ColorCompatibility (1.1.0)
  - CorePlot (2.3)
  - DeviceKit (4.3.0)
  - DZNEmptyDataSet (1.8.1)
  - EasyTipView (2.1.0)
  - InAppSettingsKit (3.3)
  - MultiSelectSegmentedControl (2.3.5):
    - SweeterSwift
  - SDCAlertView (12.0.1)
  - Sentry (6.2.1):
    - Sentry/Core (= 6.2.1)
  - Sentry/Core (6.2.1)
  - SVProgressHUD (2.2.5)
  - SweeterSwift (1.1.4)
  - SwiftKeychainWrapper (4.0.1)
  - SwiftyDropbox (6.0.3):
    - Alamofire (~> 4)
  - SwiftyUserDefaults (3.0.1)

DEPENDENCIES:
  - Alamofire
  - AlamofireImage
  - AlamofireNetworkActivityIndicator
  - ColorCompatibility
  - CorePlot
  - DeviceKit
  - DZNEmptyDataSet
  - EasyTipView
  - InAppSettingsKit
  - MultiSelectSegmentedControl
  - SDCAlertView
  - Sentry
  - SVProgressHUD
  - SwiftKeychainWrapper
  - SwiftyDropbox (from `https://github.com/gereons/SwiftyDropbox`)
  - SwiftyUserDefaults (~> 3)

SPEC REPOS:
  trunk:
    - Alamofire
    - AlamofireImage
    - AlamofireNetworkActivityIndicator
    - ColorCompatibility
    - CorePlot
    - DeviceKit
    - DZNEmptyDataSet
    - EasyTipView
    - InAppSettingsKit
    - MultiSelectSegmentedControl
    - SDCAlertView
    - Sentry
    - SVProgressHUD
    - SweeterSwift
    - SwiftKeychainWrapper
    - SwiftyUserDefaults

EXTERNAL SOURCES:
  SwiftyDropbox:
    :git: https://github.com/gereons/SwiftyDropbox

CHECKOUT OPTIONS:
  SwiftyDropbox:
    :commit: b227c38724ca5388eb47ee31f5c5ac143ed70a0d
    :git: https://github.com/gereons/SwiftyDropbox

SPEC CHECKSUMS:
  Alamofire: 85e8a02c69d6020a0d734f6054870d7ecb75cf18
  AlamofireImage: be9963c6582d68b39e89191f64c82a7d7bf40fdd
  AlamofireNetworkActivityIndicator: 9acc3de3ca6645bf0efed462396b0df13dd3e7b8
  ColorCompatibility: 7257750b5ac742db9c8b593966c6f8e06992149b
  CorePlot: 6bfe6d30d215beec3cfd18ee43e434620119bc1e
  DeviceKit: 7decde449c308ac7e816e2184ded1c7c596fb885
  DZNEmptyDataSet: 9525833b9e68ac21c30253e1d3d7076cc828eaa7
  EasyTipView: a92b6edc377b81c5ac18e9fd35d5ee78e9409488
  InAppSettingsKit: c636b2b41166d30f488d2c809664f289694d64d8
  MultiSelectSegmentedControl: eb4382993b6590e5853faed38255ba2482cc43dd
  SDCAlertView: d6070733e6ce72360dde3f84a2f9eafcda25ed49
  Sentry: 9b922b396b0e0bca8516a10e36b0ea3ebea5faf7
  SVProgressHUD: 1428aafac632c1f86f62aa4243ec12008d7a51d6
  SweeterSwift: 8a90cf3156f5a1b6f39785c479369a16633b5ea9
  SwiftKeychainWrapper: 807ba1d63c33a7d0613288512399cd1eda1e470c
  SwiftyDropbox: 32aabf5e83399ab150228a02dcbcce2bf8a9aae2
  SwiftyUserDefaults: 3d273b1739b68ada3145dc754a70ec775bc5c8be

PODFILE CHECKSUM: de77fd13d048bd57352296c113e8e7ac54e25e87

COCOAPODS: 1.10.1
