PODS:
  - Alamofire (4.5.1)
  - AlamofireImage (3.3.0):
    - Alamofire (~> 4.5)
  - AlamofireNetworkActivityIndicator (2.2.0):
    - Alamofire (~> 4.5)
  - CorePlot (2.2)
  - Crashlytics (3.9.3):
    - Fabric (~> 1.7.2)
  - DeviceKit (1.4.0)
  - DTCoreText (1.6.21):
    - DTCoreText/Core (= 1.6.21)
    - DTFoundation/Core (~> 1.7.5)
    - DTFoundation/DTAnimatedGIF (~> 1.7.5)
    - DTFoundation/DTHTMLParser (~> 1.7.5)
    - DTFoundation/UIKit (~> 1.7.5)
  - DTCoreText/Core (1.6.21):
    - DTFoundation/Core (~> 1.7.5)
    - DTFoundation/DTAnimatedGIF (~> 1.7.5)
    - DTFoundation/DTHTMLParser (~> 1.7.5)
    - DTFoundation/UIKit (~> 1.7.5)
  - DTFoundation/Core (1.7.13)
  - DTFoundation/DTAnimatedGIF (1.7.13)
  - DTFoundation/DTHTMLParser (1.7.13):
    - DTFoundation/Core
  - DTFoundation/UIKit (1.7.13):
    - DTFoundation/Core
  - DZNEmptyDataSet (1.8.1)
  - EasyTipView (2.0.0)
  - Fabric (1.7.2)
  - InAppSettingsKit (2.9)
  - MultiSelectSegmentedControl (1.1.3)
  - SDCAlertView (8.0.2)
  - SVProgressHUD (2.2.2)
  - SwiftKeychainWrapper (3.0.1)
  - SwiftyDropbox (4.3.0):
    - Alamofire (~> 4.5.0)
  - SwiftyUserDefaults (3.0.0)

DEPENDENCIES:
  - Alamofire
  - AlamofireImage
  - AlamofireNetworkActivityIndicator
  - CorePlot
  - Crashlytics
  - DeviceKit
  - DTCoreText
  - DZNEmptyDataSet
  - EasyTipView (from `https://github.com/gereons/EasyTipView`)
  - Fabric
  - InAppSettingsKit
  - MultiSelectSegmentedControl
  - SDCAlertView
  - SVProgressHUD
  - SwiftKeychainWrapper
  - SwiftyDropbox
  - SwiftyUserDefaults

EXTERNAL SOURCES:
  EasyTipView:
    :git: https://github.com/gereons/EasyTipView

CHECKOUT OPTIONS:
  EasyTipView:
    :commit: f3ee306710de0ebcc9ed3dcccd7ea1b8be86cacc
    :git: https://github.com/gereons/EasyTipView

SPEC CHECKSUMS:
  Alamofire: 2d95912bf4c34f164fdfc335872e8c312acaea4a
  AlamofireImage: 2e784dc5d00f04903a52c1d169181469c805c3df
  AlamofireNetworkActivityIndicator: 81e1630e7cfed22a4e4e82a174c59e651dc4f8ca
  CorePlot: cbe0c6e14220705e32e06a89c7d6a5a908b7d7d8
  Crashlytics: dbb07d01876c171c5ccbdf7826410380189e452c
  DeviceKit: fa74d97499660e88081718b16688e19217595dba
  DTCoreText: e5d688cffc9f6a61eddd1a4f94e2046851230de3
  DTFoundation: f03be9fd786f11e505bb8fc44e2a3732bf0917df
  DZNEmptyDataSet: 9525833b9e68ac21c30253e1d3d7076cc828eaa7
  EasyTipView: ce986be6a3a321475bc27488f086c018a1275006
  Fabric: 9cd6a848efcf1b8b07497e0b6a2e7d336353ba15
  InAppSettingsKit: fc3dea21846535b76b8289b119dbfdbe2505b2b2
  MultiSelectSegmentedControl: 662be7f12ed2475c994f070aa72e2429c8d204e0
  SDCAlertView: 289481e983c60abc5b4b5f4c7241fec9c7a853d5
  SVProgressHUD: 59b2d3dabacbd051576d21d32293ca7228dc18b0
  SwiftKeychainWrapper: 38952a3636320ae61bad3513cadd870929de7a4a
  SwiftyDropbox: f70ff647c8ef4195e1314c8a894652f3ba3da526
  SwiftyUserDefaults: 0f1d45fc3aafb9064dac661e367f8f83fe21a4b4

PODFILE CHECKSUM: dc3775c380c9858b3aaa4f68c297e226e252818c

COCOAPODS: 1.4.0
