PODS:
  - AFNetworking (2.5.1):
    - AFNetworking/NSURLConnection (= 2.5.1)
    - AFNetworking/NSURLSession (= 2.5.1)
    - AFNetworking/Reachability (= 2.5.1)
    - AFNetworking/Security (= 2.5.1)
    - AFNetworking/Serialization (= 2.5.1)
    - AFNetworking/UIKit (= 2.5.1)
  - AFNetworking/NSURLConnection (2.5.1):
    - AFNetworking/Reachability
    - AFNetworking/Security
    - AFNetworking/Serialization
  - AFNetworking/NSURLSession (2.5.1):
    - AFNetworking/Reachability
    - AFNetworking/Security
    - AFNetworking/Serialization
  - AFNetworking/Reachability (2.5.1)
  - AFNetworking/Security (2.5.1)
  - AFNetworking/Serialization (2.5.1)
  - AFNetworking/UIKit (2.5.1):
    - AFNetworking/NSURLConnection
    - AFNetworking/NSURLSession
  - CorePlot (HEAD based on 1.5.1)
  - CSStickyHeaderFlowLayout (0.2.4)
  - Dropbox-Sync-API-SDK (3.1.2)
  - DTCoreText (1.6.15):
    - DTFoundation/Core (~> 1.7.5)
    - DTFoundation/DTAnimatedGIF (~> 1.7.5)
    - DTFoundation/DTHTMLParser (~> 1.7.5)
    - DTFoundation/UIKit (~> 1.7.5)
  - DTFoundation/Core (1.7.5)
  - DTFoundation/DTAnimatedGIF (1.7.5)
  - DTFoundation/DTHTMLParser (1.7.5):
    - DTFoundation/Core
  - DTFoundation/UIKit (1.7.5):
    - DTFoundation/Core
  - GRMustache (7.3.0):
    - JRSwizzle (~> 1.0)
  - InAppSettingsKit (2.4.4)
  - JRSwizzle (1.0)
  - libextobjc (0.4.1):
    - libextobjc/EXTADT (= 0.4.1)
    - libextobjc/EXTConcreteProtocol (= 0.4.1)
    - libextobjc/EXTKeyPathCoding (= 0.4.1)
    - libextobjc/EXTNil (= 0.4.1)
    - libextobjc/EXTSafeCategory (= 0.4.1)
    - libextobjc/EXTScope (= 0.4.1)
    - libextobjc/EXTSelectorChecking (= 0.4.1)
    - libextobjc/EXTSynthesize (= 0.4.1)
    - libextobjc/NSInvocation+EXT (= 0.4.1)
    - libextobjc/NSMethodSignature+EXT (= 0.4.1)
    - libextobjc/RuntimeExtensions (= 0.4.1)
    - libextobjc/UmbrellaHeader (= 0.4.1)
  - libextobjc/EXTADT (0.4.1):
    - libextobjc/RuntimeExtensions
  - libextobjc/EXTConcreteProtocol (0.4.1):
    - libextobjc/RuntimeExtensions
  - libextobjc/EXTKeyPathCoding (0.4.1):
    - libextobjc/RuntimeExtensions
  - libextobjc/EXTNil (0.4.1):
    - libextobjc/RuntimeExtensions
  - libextobjc/EXTSafeCategory (0.4.1):
    - libextobjc/RuntimeExtensions
  - libextobjc/EXTScope (0.4.1):
    - libextobjc/RuntimeExtensions
  - libextobjc/EXTSelectorChecking (0.4.1):
    - libextobjc/RuntimeExtensions
  - libextobjc/EXTSynthesize (0.4.1):
    - libextobjc/RuntimeExtensions
  - libextobjc/NSInvocation+EXT (0.4.1):
    - libextobjc/RuntimeExtensions
  - libextobjc/NSMethodSignature+EXT (0.4.1):
    - libextobjc/RuntimeExtensions
  - libextobjc/RuntimeExtensions (0.4.1)
  - libextobjc/UmbrellaHeader (0.4.1)
  - OMGHTTPURLRQ (2.1):
    - OMGHTTPURLRQ/RQ (= 2.1)
  - OMGHTTPURLRQ/FormURLEncode (2.1)
  - OMGHTTPURLRQ/RQ (2.1):
    - OMGHTTPURLRQ/FormURLEncode
    - OMGHTTPURLRQ/UserAgent
  - OMGHTTPURLRQ/UserAgent (2.1)
  - PromiseKit (1.3.0):
    - PromiseKit/CALayer (= 1.3.0)
    - PromiseKit/NSNotificationCenter (= 1.3.0)
    - PromiseKit/NSURLConnection (= 1.3.0)
    - PromiseKit/Pause (= 1.3.0)
    - PromiseKit/UIActionSheet (= 1.3.0)
    - PromiseKit/UIAlertView (= 1.3.0)
    - PromiseKit/UIView (= 1.3.0)
    - PromiseKit/UIViewController (= 1.3.0)
    - PromiseKit/Until (= 1.3.0)
    - PromiseKit/When (= 1.3.0)
  - PromiseKit-AFNetworking (0.1.5):
    - AFNetworking (~> 2.0)
    - PromiseKit/Promise
  - PromiseKit/CALayer (1.3.0):
    - PromiseKit/Promise
  - PromiseKit/NSNotificationCenter (1.3.0):
    - PromiseKit/Promise
  - PromiseKit/NSURLConnection (1.3.0):
    - OMGHTTPURLRQ
    - PromiseKit/Promise
  - PromiseKit/Pause (1.3.0):
    - PromiseKit/Promise
  - PromiseKit/Promise (1.3.0)
  - PromiseKit/UIActionSheet (1.3.0):
    - PromiseKit/Promise
  - PromiseKit/UIAlertView (1.3.0):
    - PromiseKit/Promise
  - PromiseKit/UIView (1.3.0):
    - PromiseKit/Promise
  - PromiseKit/UIViewController (1.3.0):
    - PromiseKit/Promise
  - PromiseKit/Until (1.3.0):
    - PromiseKit/Promise
    - PromiseKit/When
  - PromiseKit/When (1.3.0):
    - PromiseKit/Promise
  - RBBAnimation (0.3.0)
  - SDCAlertView (2.3):
    - RBBAnimation (~> 0.3)
    - SDCAutoLayout (~> 2.0)
  - SDCAutoLayout (2.0.2)
  - SVProgressHUD (1.1.2)

DEPENDENCIES:
  - AFNetworking (~> 2.0)
  - CorePlot (HEAD)
  - CSStickyHeaderFlowLayout
  - Dropbox-Sync-API-SDK
  - DTCoreText
  - GRMustache
  - InAppSettingsKit
  - libextobjc
  - PromiseKit
  - PromiseKit-AFNetworking
  - SDCAlertView
  - SVProgressHUD

SPEC CHECKSUMS:
  AFNetworking: 8bee59492a6ff15d69130efa4d0dc67e0094a52a
  CorePlot: b15cb1a9a687b9576545104248d6e22033e678bb
  CSStickyHeaderFlowLayout: 739e87ee20cfe0c67b49d606ce47bd1f2b6efc9c
  Dropbox-Sync-API-SDK: 16aef545267acf60efdbecbfd1fbdf04d3ee5a7c
  DTCoreText: d446600133d01214758ff45004b1b8109e5b8c9f
  DTFoundation: bea4e07459f0f88a5aa3b8258fab1576bbe2e58c
  GRMustache: efecd3b603f0a7a99cf6bdf3998782ee0c465726
  InAppSettingsKit: e78aee9fc41b44bcc5c70d7abd79cff730a0a0d3
  JRSwizzle: 30da7a2c539a4ebf954b16d15f6dd8221c9f6fa5
  libextobjc: d6146fce3ebea986b7f75fcb4c967639200b88b0
  OMGHTTPURLRQ: f8c515dfd2f57a5d74c710978f600231f52afec5
  PromiseKit: 4844db4448b4e387845e702b738cd87433fc02fd
  PromiseKit-AFNetworking: 16db750b394dcd12aa8527eb1bb9f209a36a49f7
  RBBAnimation: 243d73be1a526f1b51d266b182e4aa0cfe9cbf64
  SDCAlertView: 87219789a6159e7005711754722a3c9b34f445d7
  SDCAutoLayout: 4a963629725ed2b7d665e789ca4d6cfcd7446822
  SVProgressHUD: da7a49e789af645d9279ffbca62318945a832438

COCOAPODS: 0.36.0
