// !$*UTF8*$!
{
	archiveVersion = 1;
	classes = {
	};
	objectVersion = 46;
	objects = {

/* Begin PBXBuildFile section */
		3A16EABE185DBA2D00DB7FFC /* Faction.m in Sources */ = {isa = PBXBuildFile; fileRef = 3A16EABD185DBA2D00DB7FFC /* Faction.m */; };
		3A16EAC1185DBC4700DB7FFC /* CardType.m in Sources */ = {isa = PBXBuildFile; fileRef = 3A16EAC0185DBC4700DB7FFC /* CardType.m */; };
		3A1ECC911879A1CC003400A9 /* DeckExport.m in Sources */ = {isa = PBXBuildFile; fileRef = 3A1ECC901879A1CC003400A9 /* DeckExport.m */; };
		3A1ECC931879A383003400A9 /* OCTGN.mustache in Resources */ = {isa = PBXBuildFile; fileRef = 3A1ECC921879A383003400A9 /* OCTGN.mustache */; };
		3A3622621849320C007F2854 /* Foundation.framework in Frameworks */ = {isa = PBXBuildFile; fileRef = 3A3622611849320C007F2854 /* Foundation.framework */; };
		3A3622641849320C007F2854 /* CoreGraphics.framework in Frameworks */ = {isa = PBXBuildFile; fileRef = 3A3622631849320C007F2854 /* CoreGraphics.framework */; };
		3A3622661849320C007F2854 /* UIKit.framework in Frameworks */ = {isa = PBXBuildFile; fileRef = 3A3622651849320C007F2854 /* UIKit.framework */; };
		3A36226C1849320C007F2854 /* InfoPlist.strings in Resources */ = {isa = PBXBuildFile; fileRef = 3A36226A1849320C007F2854 /* InfoPlist.strings */; };
		3A36226E1849320C007F2854 /* main.m in Sources */ = {isa = PBXBuildFile; fileRef = 3A36226D1849320C007F2854 /* main.m */; };
		3A3622721849320C007F2854 /* AppDelegate.m in Sources */ = {isa = PBXBuildFile; fileRef = 3A3622711849320C007F2854 /* AppDelegate.m */; };
		3A3622781849320C007F2854 /* FilteredCardViewController.m in Sources */ = {isa = PBXBuildFile; fileRef = 3A3622771849320C007F2854 /* FilteredCardViewController.m */; };
		3A36227D1849320C007F2854 /* Images.xcassets in Resources */ = {isa = PBXBuildFile; fileRef = 3A36227C1849320C007F2854 /* Images.xcassets */; };
		3A3622841849320C007F2854 /* XCTest.framework in Frameworks */ = {isa = PBXBuildFile; fileRef = 3A3622831849320C007F2854 /* XCTest.framework */; };
		3A3622851849320C007F2854 /* Foundation.framework in Frameworks */ = {isa = PBXBuildFile; fileRef = 3A3622611849320C007F2854 /* Foundation.framework */; };
		3A3622861849320C007F2854 /* UIKit.framework in Frameworks */ = {isa = PBXBuildFile; fileRef = 3A3622651849320C007F2854 /* UIKit.framework */; };
		3A36228E1849320C007F2854 /* InfoPlist.strings in Resources */ = {isa = PBXBuildFile; fileRef = 3A36228C1849320C007F2854 /* InfoPlist.strings */; };
		3A3622901849320C007F2854 /* NRDBTests.m in Sources */ = {isa = PBXBuildFile; fileRef = 3A36228F1849320C007F2854 /* NRDBTests.m */; };
		3A386272188514AE00F5630B /* 743-printer.png in Resources */ = {isa = PBXBuildFile; fileRef = 3A386270188514AE00F5630B /* 743-printer.png */; };
		3A386273188514AE00F5630B /* 743-printer@2x.png in Resources */ = {isa = PBXBuildFile; fileRef = 3A386271188514AE00F5630B /* 743-printer@2x.png */; };
		3A41789E18761BF600DEEFA6 /* IASKAppSettingsViewController.m in Sources */ = {isa = PBXBuildFile; fileRef = 3A41788018761BF600DEEFA6 /* IASKAppSettingsViewController.m */; };
		3A41789F18761BF600DEEFA6 /* IASKAppSettingsWebViewController.m in Sources */ = {isa = PBXBuildFile; fileRef = 3A41788218761BF600DEEFA6 /* IASKAppSettingsWebViewController.m */; };
		3A4178A018761BF600DEEFA6 /* IASKSpecifierValuesViewController.m in Sources */ = {isa = PBXBuildFile; fileRef = 3A41788418761BF600DEEFA6 /* IASKSpecifierValuesViewController.m */; };
		3A4178A118761BF600DEEFA6 /* IASKSettingsReader.m in Sources */ = {isa = PBXBuildFile; fileRef = 3A41788818761BF600DEEFA6 /* IASKSettingsReader.m */; };
		3A4178A218761BF600DEEFA6 /* IASKSettingsStore.m in Sources */ = {isa = PBXBuildFile; fileRef = 3A41788A18761BF600DEEFA6 /* IASKSettingsStore.m */; };
		3A4178A318761BF600DEEFA6 /* IASKSettingsStoreFile.m in Sources */ = {isa = PBXBuildFile; fileRef = 3A41788C18761BF600DEEFA6 /* IASKSettingsStoreFile.m */; };
		3A4178A418761BF600DEEFA6 /* IASKSettingsStoreUserDefaults.m in Sources */ = {isa = PBXBuildFile; fileRef = 3A41788E18761BF600DEEFA6 /* IASKSettingsStoreUserDefaults.m */; };
		3A4178A518761BF600DEEFA6 /* IASKSpecifier.m in Sources */ = {isa = PBXBuildFile; fileRef = 3A41789018761BF600DEEFA6 /* IASKSpecifier.m */; };
		3A4178A618761BF600DEEFA6 /* IASKPSSliderSpecifierViewCell.m in Sources */ = {isa = PBXBuildFile; fileRef = 3A41789318761BF600DEEFA6 /* IASKPSSliderSpecifierViewCell.m */; };
		3A4178A718761BF600DEEFA6 /* IASKPSTextFieldSpecifierViewCell.m in Sources */ = {isa = PBXBuildFile; fileRef = 3A41789518761BF600DEEFA6 /* IASKPSTextFieldSpecifierViewCell.m */; };
		3A4178A818761BF600DEEFA6 /* IASKPSTitleValueSpecifierViewCell.m in Sources */ = {isa = PBXBuildFile; fileRef = 3A41789718761BF600DEEFA6 /* IASKPSTitleValueSpecifierViewCell.m */; };
		3A4178A918761BF600DEEFA6 /* IASKSlider.m in Sources */ = {isa = PBXBuildFile; fileRef = 3A41789918761BF600DEEFA6 /* IASKSlider.m */; };
		3A4178AA18761BF600DEEFA6 /* IASKSwitch.m in Sources */ = {isa = PBXBuildFile; fileRef = 3A41789B18761BF600DEEFA6 /* IASKSwitch.m */; };
		3A4178AB18761BF600DEEFA6 /* IASKTextField.m in Sources */ = {isa = PBXBuildFile; fileRef = 3A41789D18761BF600DEEFA6 /* IASKTextField.m */; };
		3A4925041869C70300B22DC5 /* CardFilterHeaderView.m in Sources */ = {isa = PBXBuildFile; fileRef = 3A4925031869C70300B22DC5 /* CardFilterHeaderView.m */; };
		3A5BC3EF1849326B00E792F7 /* Card.m in Sources */ = {isa = PBXBuildFile; fileRef = 3A5BC3E61849326B00E792F7 /* Card.m */; };
		3A5BC3F01849326B00E792F7 /* CardCounter.m in Sources */ = {isa = PBXBuildFile; fileRef = 3A5BC3E81849326B00E792F7 /* CardCounter.m */; };
		3A5BC3F11849326B00E792F7 /* CardList.m in Sources */ = {isa = PBXBuildFile; fileRef = 3A5BC3EA1849326B00E792F7 /* CardList.m */; };
		3A5BC3F21849326B00E792F7 /* Deck.m in Sources */ = {isa = PBXBuildFile; fileRef = 3A5BC3EC1849326B00E792F7 /* Deck.m */; };
		3A5BC3F4184945A800E792F7 /* TODOs in Resources */ = {isa = PBXBuildFile; fileRef = 3A5BC3F3184945A800E792F7 /* TODOs */; };
		3A5FB2EC1888892300DD3CC5 /* ImageCache.m in Sources */ = {isa = PBXBuildFile; fileRef = 3A5FB2EB1888892300DD3CC5 /* ImageCache.m */; };
		3A6AF0DE1899BB3B00227C25 /* cardviewicon.png in Resources */ = {isa = PBXBuildFile; fileRef = 3A6AF0D81899BB3B00227C25 /* cardviewicon.png */; };
		3A6AF0DF1899BB3B00227C25 /* cardviewicon@2x.png in Resources */ = {isa = PBXBuildFile; fileRef = 3A6AF0D91899BB3B00227C25 /* cardviewicon@2x.png */; };
		3A6AF0E01899BB3B00227C25 /* listviewicon.png in Resources */ = {isa = PBXBuildFile; fileRef = 3A6AF0DA1899BB3B00227C25 /* listviewicon.png */; };
		3A6AF0E11899BB3B00227C25 /* listviewicon@2x.png in Resources */ = {isa = PBXBuildFile; fileRef = 3A6AF0DB1899BB3B00227C25 /* listviewicon@2x.png */; };
		3A6AF0E21899BB3B00227C25 /* tableviewicon.png in Resources */ = {isa = PBXBuildFile; fileRef = 3A6AF0DC1899BB3B00227C25 /* tableviewicon.png */; };
		3A6AF0E31899BB3B00227C25 /* tableviewicon@2x.png in Resources */ = {isa = PBXBuildFile; fileRef = 3A6AF0DD1899BB3B00227C25 /* tableviewicon@2x.png */; };
		3A6AF0E61899C12500227C25 /* NRNavigationController.m in Sources */ = {isa = PBXBuildFile; fileRef = 3A6AF0E51899C12500227C25 /* NRNavigationController.m */; };
		3A71C9C8185CC4E200D66A27 /* CardSets.m in Sources */ = {isa = PBXBuildFile; fileRef = 3A71C9C7185CC4E200D66A27 /* CardSets.m */; };
		3A721DC1189CFA64004EFDFE /* DeckImport.m in Sources */ = {isa = PBXBuildFile; fileRef = 3A721DC0189CFA64004EFDFE /* DeckImport.m */; };
		3A7FD6B1188172C100F0926F /* CardImageCell.xib in Resources */ = {isa = PBXBuildFile; fileRef = 3A7FD6B0188172C100F0926F /* CardImageCell.xib */; };
		3A7FD6B41881737700F0926F /* CardImageCell.m in Sources */ = {isa = PBXBuildFile; fileRef = 3A7FD6B31881737700F0926F /* CardImageCell.m */; };
		3A7FD6B6188177AF00F0926F /* CardImagePopup.xib in Resources */ = {isa = PBXBuildFile; fileRef = 3A7FD6B5188177AF00F0926F /* CardImagePopup.xib */; };
		3A85323F1855050900507B9A /* NRSplitViewController.m in Sources */ = {isa = PBXBuildFile; fileRef = 3A85323E1855050900507B9A /* NRSplitViewController.m */; };
		3A8532791855084900507B9A /* InAppSettings.bundle in Resources */ = {isa = PBXBuildFile; fileRef = 3A8532781855084900507B9A /* InAppSettings.bundle */; };
		3A85327D185509B000507B9A /* SettingsViewController.m in Sources */ = {isa = PBXBuildFile; fileRef = 3A85327B185509B000507B9A /* SettingsViewController.m */; };
		3A85327E185509B000507B9A /* SettingsViewController.xib in Resources */ = {isa = PBXBuildFile; fileRef = 3A85327C185509B000507B9A /* SettingsViewController.xib */; };
		3A85328218550ACE00507B9A /* AboutViewController.m in Sources */ = {isa = PBXBuildFile; fileRef = 3A85328018550ACE00507B9A /* AboutViewController.m */; };
		3A85328318550ACE00507B9A /* AboutView.xib in Resources */ = {isa = PBXBuildFile; fileRef = 3A85328118550ACE00507B9A /* AboutView.xib */; };
		3A85328618550B5600507B9A /* About.html in Resources */ = {isa = PBXBuildFile; fileRef = 3A85328518550B5600507B9A /* About.html */; };
		3A99426D184B8C9E004B6E05 /* libxml2.dylib in Frameworks */ = {isa = PBXBuildFile; fileRef = 3A99426C184B8C9E004B6E05 /* libxml2.dylib */; };
		3A99426F184B8CA6004B6E05 /* ImageIO.framework in Frameworks */ = {isa = PBXBuildFile; fileRef = 3A99426E184B8CA6004B6E05 /* ImageIO.framework */; };
		3A994271184B8CAB004B6E05 /* QuartzCore.framework in Frameworks */ = {isa = PBXBuildFile; fileRef = 3A994270184B8CAB004B6E05 /* QuartzCore.framework */; };
		3A994273184B8CB4004B6E05 /* CoreText.framework in Frameworks */ = {isa = PBXBuildFile; fileRef = 3A994272184B8CB4004B6E05 /* CoreText.framework */; };
		3A994275184B8CBB004B6E05 /* MobileCoreServices.framework in Frameworks */ = {isa = PBXBuildFile; fileRef = 3A994274184B8CBB004B6E05 /* MobileCoreServices.framework */; };
		3A9E7C4C18845FDA00A507C3 /* TableData.m in Sources */ = {isa = PBXBuildFile; fileRef = 3A9E7C4B18845FDA00A507C3 /* TableData.m */; };
		3A9E7C501884941200A507C3 /* 702-share.png in Resources */ = {isa = PBXBuildFile; fileRef = 3A9E7C4E1884941200A507C3 /* 702-share.png */; };
		3A9E7C511884941200A507C3 /* 702-share@2x.png in Resources */ = {isa = PBXBuildFile; fileRef = 3A9E7C4F1884941200A507C3 /* 702-share@2x.png */; };
		3AA440E61854DA4C0051D4B0 /* ActionsTableViewController.m in Sources */ = {isa = PBXBuildFile; fileRef = 3AA440E41854DA4C0051D4B0 /* ActionsTableViewController.m */; };
		3AA440E71854DA4C0051D4B0 /* MainWindow.xib in Resources */ = {isa = PBXBuildFile; fileRef = 3AA440E51854DA4C0051D4B0 /* MainWindow.xib */; };
		3AA440EB1854DA580051D4B0 /* EmptyDetailView.xib in Resources */ = {isa = PBXBuildFile; fileRef = 3AA440E81854DA580051D4B0 /* EmptyDetailView.xib */; };
		3AA440EC1854DA580051D4B0 /* EmptyDetailViewController.m in Sources */ = {isa = PBXBuildFile; fileRef = 3AA440EA1854DA580051D4B0 /* EmptyDetailViewController.m */; };
		3AA440EF1854DA630051D4B0 /* DetailViewManager.m in Sources */ = {isa = PBXBuildFile; fileRef = 3AA440EE1854DA630051D4B0 /* DetailViewManager.m */; };
		3AA440F81854EF720051D4B0 /* DeckListViewController.m in Sources */ = {isa = PBXBuildFile; fileRef = 3AA440F61854EF720051D4B0 /* DeckListViewController.m */; };
		3AA440F91854EF720051D4B0 /* DeckListViewController.xib in Resources */ = {isa = PBXBuildFile; fileRef = 3AA440F71854EF720051D4B0 /* DeckListViewController.xib */; };
		3AB1B2341872ECA000F6AE45 /* FilteredCardViewController.xib in Resources */ = {isa = PBXBuildFile; fileRef = 3AB1B2331872ECA000F6AE45 /* FilteredCardViewController.xib */; };
		3AB357D6186CC2010027D5FC /* IdentitySelectionViewController.m in Sources */ = {isa = PBXBuildFile; fileRef = 3AB357D4186CC2010027D5FC /* IdentitySelectionViewController.m */; };
		3AB357D7186CC2010027D5FC /* IdentitySelectionViewController.xib in Resources */ = {isa = PBXBuildFile; fileRef = 3AB357D5186CC2010027D5FC /* IdentitySelectionViewController.xib */; };
		3AB357DA186DC1E50027D5FC /* IdentityViewCell.m in Sources */ = {isa = PBXBuildFile; fileRef = 3AB357D9186DC1E50027D5FC /* IdentityViewCell.m */; };
		3AB357DC186DC1F80027D5FC /* IdentityViewCell.xib in Resources */ = {isa = PBXBuildFile; fileRef = 3AB357DB186DC1F80027D5FC /* IdentityViewCell.xib */; };
		3ACCEE2018699FCA00CC3537 /* LargeCardCell.xib in Resources */ = {isa = PBXBuildFile; fileRef = 3ACCEE1F18699FCA00CC3537 /* LargeCardCell.xib */; };
		3ACCEE231869A25500CC3537 /* LargeCardCell.m in Sources */ = {isa = PBXBuildFile; fileRef = 3ACCEE221869A25500CC3537 /* LargeCardCell.m */; };
		3ACCEE251869B10700CC3537 /* CardFilterHeaderView.xib in Resources */ = {isa = PBXBuildFile; fileRef = 3ACCEE241869B10700CC3537 /* CardFilterHeaderView.xib */; };
		3ACE03921882CEC600F22B87 /* ImportDecksViewController.m in Sources */ = {isa = PBXBuildFile; fileRef = 3ACE03901882CEC600F22B87 /* ImportDecksViewController.m */; };
		3ACE03931882CEC600F22B87 /* ImportDecksViewController.xib in Resources */ = {isa = PBXBuildFile; fileRef = 3ACE03911882CEC600F22B87 /* ImportDecksViewController.xib */; };
		3AD066791896CD2100FF1666 /* CardCell.m in Sources */ = {isa = PBXBuildFile; fileRef = 3AD066781896CD2100FF1666 /* CardCell.m */; };
		3AD0667E1896D0F100FF1666 /* SmallCardCell.m in Sources */ = {isa = PBXBuildFile; fileRef = 3AD0667D1896D0F100FF1666 /* SmallCardCell.m */; };
		3AD066821896D5B800FF1666 /* SmallCardCell.xib in Resources */ = {isa = PBXBuildFile; fileRef = 3AD066811896D5B800FF1666 /* SmallCardCell.xib */; };
		3ADC17311856401D00FA2DF7 /* CardData.m in Sources */ = {isa = PBXBuildFile; fileRef = 3ADC17301856401D00FA2DF7 /* CardData.m */; };
		3ADC17361856632500FA2DF7 /* CardEditorViewController.m in Sources */ = {isa = PBXBuildFile; fileRef = 3ADC17341856632500FA2DF7 /* CardEditorViewController.m */; };
		3ADC17371856632500FA2DF7 /* CardEditorViewController.xib in Resources */ = {isa = PBXBuildFile; fileRef = 3ADC17351856632500FA2DF7 /* CardEditorViewController.xib */; };
		3ADE90921877317F006E187F /* DeckManager.m in Sources */ = {isa = PBXBuildFile; fileRef = 3ADE90911877317F006E187F /* DeckManager.m */; };
		3ADE909918773698006E187F /* SavedDecksViewController.m in Sources */ = {isa = PBXBuildFile; fileRef = 3ADE909618773698006E187F /* SavedDecksViewController.m */; };
		3ADE909A18773698006E187F /* SavedDeckCell.m in Sources */ = {isa = PBXBuildFile; fileRef = 3ADE909818773698006E187F /* SavedDeckCell.m */; };
		3ADE909C187741AF006E187F /* SavedDecksViewController.xib in Resources */ = {isa = PBXBuildFile; fileRef = 3ADE909B187741AF006E187F /* SavedDecksViewController.xib */; };
		3ADE90A018775A77006E187F /* CardImageViewPopover.m in Sources */ = {isa = PBXBuildFile; fileRef = 3ADE909D18775A77006E187F /* CardImageViewPopover.m */; };
		3ADE90A118775A77006E187F /* CardImageView.xib in Resources */ = {isa = PBXBuildFile; fileRef = 3ADE909E18775A77006E187F /* CardImageView.xib */; };
		3ADEA763184BA87B00E32456 /* DTCoreTextFontOverrides.plist in Resources */ = {isa = PBXBuildFile; fileRef = 3ADEA762184BA87B00E32456 /* DTCoreTextFontOverrides.plist */; };
		3ADFB17918817AA200AC8F3E /* CardImagePopup.m in Sources */ = {isa = PBXBuildFile; fileRef = 3ADFB17818817AA200AC8F3E /* CardImagePopup.m */; };
		3AF2E8BC1883075500F6306B /* CardFilterPopover.m in Sources */ = {isa = PBXBuildFile; fileRef = 3AF2E8BA1883075500F6306B /* CardFilterPopover.m */; };
		3AF2E8BD1883075500F6306B /* CardFilterPopover.xib in Resources */ = {isa = PBXBuildFile; fileRef = 3AF2E8BB1883075500F6306B /* CardFilterPopover.xib */; };
		ED15EBD876484EC4BAF34F26 /* libPods.a in Frameworks */ = {isa = PBXBuildFile; fileRef = 69129A4A2D3A4A50B7C75895 /* libPods.a */; };
/* End PBXBuildFile section */

/* Begin PBXContainerItemProxy section */
		3A3622871849320C007F2854 /* PBXContainerItemProxy */ = {
			isa = PBXContainerItemProxy;
			containerPortal = 3A3622561849320C007F2854 /* Project object */;
			proxyType = 1;
			remoteGlobalIDString = 3A36225D1849320C007F2854;
			remoteInfo = NRDB;
		};
/* End PBXContainerItemProxy section */

/* Begin PBXFileReference section */
		3A16EABC185DBA2D00DB7FFC /* Faction.h */ = {isa = PBXFileReference; fileEncoding = 4; lastKnownFileType = sourcecode.c.h; path = Faction.h; sourceTree = "<group>"; };
		3A16EABD185DBA2D00DB7FFC /* Faction.m */ = {isa = PBXFileReference; fileEncoding = 4; lastKnownFileType = sourcecode.c.objc; path = Faction.m; sourceTree = "<group>"; };
		3A16EABF185DBC4700DB7FFC /* CardType.h */ = {isa = PBXFileReference; fileEncoding = 4; lastKnownFileType = sourcecode.c.h; path = CardType.h; sourceTree = "<group>"; };
		3A16EAC0185DBC4700DB7FFC /* CardType.m */ = {isa = PBXFileReference; fileEncoding = 4; lastKnownFileType = sourcecode.c.objc; path = CardType.m; sourceTree = "<group>"; };
		3A1ECC8F1879A1CC003400A9 /* DeckExport.h */ = {isa = PBXFileReference; fileEncoding = 4; lastKnownFileType = sourcecode.c.h; path = DeckExport.h; sourceTree = "<group>"; };
		3A1ECC901879A1CC003400A9 /* DeckExport.m */ = {isa = PBXFileReference; fileEncoding = 4; lastKnownFileType = sourcecode.c.objc; path = DeckExport.m; sourceTree = "<group>"; };
		3A1ECC921879A383003400A9 /* OCTGN.mustache */ = {isa = PBXFileReference; fileEncoding = 4; lastKnownFileType = text; path = OCTGN.mustache; sourceTree = "<group>"; };
		3A36225E1849320C007F2854 /* NRDB.app */ = {isa = PBXFileReference; explicitFileType = wrapper.application; includeInIndex = 0; path = NRDB.app; sourceTree = BUILT_PRODUCTS_DIR; };
		3A3622611849320C007F2854 /* Foundation.framework */ = {isa = PBXFileReference; lastKnownFileType = wrapper.framework; name = Foundation.framework; path = System/Library/Frameworks/Foundation.framework; sourceTree = SDKROOT; };
		3A3622631849320C007F2854 /* CoreGraphics.framework */ = {isa = PBXFileReference; lastKnownFileType = wrapper.framework; name = CoreGraphics.framework; path = System/Library/Frameworks/CoreGraphics.framework; sourceTree = SDKROOT; };
		3A3622651849320C007F2854 /* UIKit.framework */ = {isa = PBXFileReference; lastKnownFileType = wrapper.framework; name = UIKit.framework; path = System/Library/Frameworks/UIKit.framework; sourceTree = SDKROOT; };
		3A3622691849320C007F2854 /* NRDB-Info.plist */ = {isa = PBXFileReference; lastKnownFileType = text.plist.xml; path = "NRDB-Info.plist"; sourceTree = "<group>"; };
		3A36226B1849320C007F2854 /* en */ = {isa = PBXFileReference; lastKnownFileType = text.plist.strings; name = en; path = en.lproj/InfoPlist.strings; sourceTree = "<group>"; };
		3A36226D1849320C007F2854 /* main.m */ = {isa = PBXFileReference; lastKnownFileType = sourcecode.c.objc; path = main.m; sourceTree = "<group>"; };
		3A36226F1849320C007F2854 /* NRDB-Prefix.pch */ = {isa = PBXFileReference; lastKnownFileType = sourcecode.c.h; path = "NRDB-Prefix.pch"; sourceTree = "<group>"; };
		3A3622701849320C007F2854 /* AppDelegate.h */ = {isa = PBXFileReference; lastKnownFileType = sourcecode.c.h; path = AppDelegate.h; sourceTree = "<group>"; };
		3A3622711849320C007F2854 /* AppDelegate.m */ = {isa = PBXFileReference; lastKnownFileType = sourcecode.c.objc; path = AppDelegate.m; sourceTree = "<group>"; };
		3A3622761849320C007F2854 /* FilteredCardViewController.h */ = {isa = PBXFileReference; lastKnownFileType = sourcecode.c.h; path = FilteredCardViewController.h; sourceTree = "<group>"; };
		3A3622771849320C007F2854 /* FilteredCardViewController.m */ = {isa = PBXFileReference; lastKnownFileType = sourcecode.c.objc; path = FilteredCardViewController.m; sourceTree = "<group>"; };
		3A36227C1849320C007F2854 /* Images.xcassets */ = {isa = PBXFileReference; lastKnownFileType = folder.assetcatalog; path = Images.xcassets; sourceTree = "<group>"; };
		3A3622821849320C007F2854 /* NRDBTests.xctest */ = {isa = PBXFileReference; explicitFileType = wrapper.cfbundle; includeInIndex = 0; path = NRDBTests.xctest; sourceTree = BUILT_PRODUCTS_DIR; };
		3A3622831849320C007F2854 /* XCTest.framework */ = {isa = PBXFileReference; lastKnownFileType = wrapper.framework; name = XCTest.framework; path = Library/Frameworks/XCTest.framework; sourceTree = DEVELOPER_DIR; };
		3A36228B1849320C007F2854 /* NRDBTests-Info.plist */ = {isa = PBXFileReference; lastKnownFileType = text.plist.xml; path = "NRDBTests-Info.plist"; sourceTree = "<group>"; };
		3A36228D1849320C007F2854 /* en */ = {isa = PBXFileReference; lastKnownFileType = text.plist.strings; name = en; path = en.lproj/InfoPlist.strings; sourceTree = "<group>"; };
		3A36228F1849320C007F2854 /* NRDBTests.m */ = {isa = PBXFileReference; lastKnownFileType = sourcecode.c.objc; path = NRDBTests.m; sourceTree = "<group>"; };
		3A386270188514AE00F5630B /* 743-printer.png */ = {isa = PBXFileReference; lastKnownFileType = image.png; name = "743-printer.png"; path = "../743-printer.png"; sourceTree = "<group>"; };
		3A386271188514AE00F5630B /* 743-printer@2x.png */ = {isa = PBXFileReference; lastKnownFileType = image.png; name = "743-printer@2x.png"; path = "../743-printer@2x.png"; sourceTree = "<group>"; };
		3A41787F18761BF600DEEFA6 /* IASKAppSettingsViewController.h */ = {isa = PBXFileReference; fileEncoding = 4; lastKnownFileType = sourcecode.c.h; path = IASKAppSettingsViewController.h; sourceTree = "<group>"; };
		3A41788018761BF600DEEFA6 /* IASKAppSettingsViewController.m */ = {isa = PBXFileReference; fileEncoding = 4; lastKnownFileType = sourcecode.c.objc; path = IASKAppSettingsViewController.m; sourceTree = "<group>"; };
		3A41788118761BF600DEEFA6 /* IASKAppSettingsWebViewController.h */ = {isa = PBXFileReference; fileEncoding = 4; lastKnownFileType = sourcecode.c.h; path = IASKAppSettingsWebViewController.h; sourceTree = "<group>"; };
		3A41788218761BF600DEEFA6 /* IASKAppSettingsWebViewController.m */ = {isa = PBXFileReference; fileEncoding = 4; lastKnownFileType = sourcecode.c.objc; path = IASKAppSettingsWebViewController.m; sourceTree = "<group>"; };
		3A41788318761BF600DEEFA6 /* IASKSpecifierValuesViewController.h */ = {isa = PBXFileReference; fileEncoding = 4; lastKnownFileType = sourcecode.c.h; path = IASKSpecifierValuesViewController.h; sourceTree = "<group>"; };
		3A41788418761BF600DEEFA6 /* IASKSpecifierValuesViewController.m */ = {isa = PBXFileReference; fileEncoding = 4; lastKnownFileType = sourcecode.c.objc; path = IASKSpecifierValuesViewController.m; sourceTree = "<group>"; };
		3A41788518761BF600DEEFA6 /* IASKViewController.h */ = {isa = PBXFileReference; fileEncoding = 4; lastKnownFileType = sourcecode.c.h; path = IASKViewController.h; sourceTree = "<group>"; };
		3A41788718761BF600DEEFA6 /* IASKSettingsReader.h */ = {isa = PBXFileReference; fileEncoding = 4; lastKnownFileType = sourcecode.c.h; path = IASKSettingsReader.h; sourceTree = "<group>"; };
		3A41788818761BF600DEEFA6 /* IASKSettingsReader.m */ = {isa = PBXFileReference; fileEncoding = 4; lastKnownFileType = sourcecode.c.objc; path = IASKSettingsReader.m; sourceTree = "<group>"; };
		3A41788918761BF600DEEFA6 /* IASKSettingsStore.h */ = {isa = PBXFileReference; fileEncoding = 4; lastKnownFileType = sourcecode.c.h; path = IASKSettingsStore.h; sourceTree = "<group>"; };
		3A41788A18761BF600DEEFA6 /* IASKSettingsStore.m */ = {isa = PBXFileReference; fileEncoding = 4; lastKnownFileType = sourcecode.c.objc; path = IASKSettingsStore.m; sourceTree = "<group>"; };
		3A41788B18761BF600DEEFA6 /* IASKSettingsStoreFile.h */ = {isa = PBXFileReference; fileEncoding = 4; lastKnownFileType = sourcecode.c.h; path = IASKSettingsStoreFile.h; sourceTree = "<group>"; };
		3A41788C18761BF600DEEFA6 /* IASKSettingsStoreFile.m */ = {isa = PBXFileReference; fileEncoding = 4; lastKnownFileType = sourcecode.c.objc; path = IASKSettingsStoreFile.m; sourceTree = "<group>"; };
		3A41788D18761BF600DEEFA6 /* IASKSettingsStoreUserDefaults.h */ = {isa = PBXFileReference; fileEncoding = 4; lastKnownFileType = sourcecode.c.h; path = IASKSettingsStoreUserDefaults.h; sourceTree = "<group>"; };
		3A41788E18761BF600DEEFA6 /* IASKSettingsStoreUserDefaults.m */ = {isa = PBXFileReference; fileEncoding = 4; lastKnownFileType = sourcecode.c.objc; path = IASKSettingsStoreUserDefaults.m; sourceTree = "<group>"; };
		3A41788F18761BF600DEEFA6 /* IASKSpecifier.h */ = {isa = PBXFileReference; fileEncoding = 4; lastKnownFileType = sourcecode.c.h; path = IASKSpecifier.h; sourceTree = "<group>"; };
		3A41789018761BF600DEEFA6 /* IASKSpecifier.m */ = {isa = PBXFileReference; fileEncoding = 4; lastKnownFileType = sourcecode.c.objc; path = IASKSpecifier.m; sourceTree = "<group>"; };
		3A41789218761BF600DEEFA6 /* IASKPSSliderSpecifierViewCell.h */ = {isa = PBXFileReference; fileEncoding = 4; lastKnownFileType = sourcecode.c.h; path = IASKPSSliderSpecifierViewCell.h; sourceTree = "<group>"; };
		3A41789318761BF600DEEFA6 /* IASKPSSliderSpecifierViewCell.m */ = {isa = PBXFileReference; fileEncoding = 4; lastKnownFileType = sourcecode.c.objc; path = IASKPSSliderSpecifierViewCell.m; sourceTree = "<group>"; };
		3A41789418761BF600DEEFA6 /* IASKPSTextFieldSpecifierViewCell.h */ = {isa = PBXFileReference; fileEncoding = 4; lastKnownFileType = sourcecode.c.h; path = IASKPSTextFieldSpecifierViewCell.h; sourceTree = "<group>"; };
		3A41789518761BF600DEEFA6 /* IASKPSTextFieldSpecifierViewCell.m */ = {isa = PBXFileReference; fileEncoding = 4; lastKnownFileType = sourcecode.c.objc; path = IASKPSTextFieldSpecifierViewCell.m; sourceTree = "<group>"; };
		3A41789618761BF600DEEFA6 /* IASKPSTitleValueSpecifierViewCell.h */ = {isa = PBXFileReference; fileEncoding = 4; lastKnownFileType = sourcecode.c.h; path = IASKPSTitleValueSpecifierViewCell.h; sourceTree = "<group>"; };
		3A41789718761BF600DEEFA6 /* IASKPSTitleValueSpecifierViewCell.m */ = {isa = PBXFileReference; fileEncoding = 4; lastKnownFileType = sourcecode.c.objc; path = IASKPSTitleValueSpecifierViewCell.m; sourceTree = "<group>"; };
		3A41789818761BF600DEEFA6 /* IASKSlider.h */ = {isa = PBXFileReference; fileEncoding = 4; lastKnownFileType = sourcecode.c.h; path = IASKSlider.h; sourceTree = "<group>"; };
		3A41789918761BF600DEEFA6 /* IASKSlider.m */ = {isa = PBXFileReference; fileEncoding = 4; lastKnownFileType = sourcecode.c.objc; path = IASKSlider.m; sourceTree = "<group>"; };
		3A41789A18761BF600DEEFA6 /* IASKSwitch.h */ = {isa = PBXFileReference; fileEncoding = 4; lastKnownFileType = sourcecode.c.h; path = IASKSwitch.h; sourceTree = "<group>"; };
		3A41789B18761BF600DEEFA6 /* IASKSwitch.m */ = {isa = PBXFileReference; fileEncoding = 4; lastKnownFileType = sourcecode.c.objc; path = IASKSwitch.m; sourceTree = "<group>"; };
		3A41789C18761BF600DEEFA6 /* IASKTextField.h */ = {isa = PBXFileReference; fileEncoding = 4; lastKnownFileType = sourcecode.c.h; path = IASKTextField.h; sourceTree = "<group>"; };
		3A41789D18761BF600DEEFA6 /* IASKTextField.m */ = {isa = PBXFileReference; fileEncoding = 4; lastKnownFileType = sourcecode.c.objc; path = IASKTextField.m; sourceTree = "<group>"; };
		3A4925021869C70300B22DC5 /* CardFilterHeaderView.h */ = {isa = PBXFileReference; fileEncoding = 4; lastKnownFileType = sourcecode.c.h; path = CardFilterHeaderView.h; sourceTree = "<group>"; };
		3A4925031869C70300B22DC5 /* CardFilterHeaderView.m */ = {isa = PBXFileReference; fileEncoding = 4; lastKnownFileType = sourcecode.c.objc; path = CardFilterHeaderView.m; sourceTree = "<group>"; };
		3A595423186ED61C0074B3B1 /* CGRectUtils.h */ = {isa = PBXFileReference; fileEncoding = 4; lastKnownFileType = sourcecode.c.h; path = CGRectUtils.h; sourceTree = "<group>"; };
		3A5BC3E51849326B00E792F7 /* Card.h */ = {isa = PBXFileReference; fileEncoding = 4; lastKnownFileType = sourcecode.c.h; path = Card.h; sourceTree = "<group>"; };
		3A5BC3E61849326B00E792F7 /* Card.m */ = {isa = PBXFileReference; fileEncoding = 4; lastKnownFileType = sourcecode.c.objc; path = Card.m; sourceTree = "<group>"; };
		3A5BC3E71849326B00E792F7 /* CardCounter.h */ = {isa = PBXFileReference; fileEncoding = 4; lastKnownFileType = sourcecode.c.h; path = CardCounter.h; sourceTree = "<group>"; };
		3A5BC3E81849326B00E792F7 /* CardCounter.m */ = {isa = PBXFileReference; fileEncoding = 4; lastKnownFileType = sourcecode.c.objc; path = CardCounter.m; sourceTree = "<group>"; };
		3A5BC3E91849326B00E792F7 /* CardList.h */ = {isa = PBXFileReference; fileEncoding = 4; lastKnownFileType = sourcecode.c.h; path = CardList.h; sourceTree = "<group>"; };
		3A5BC3EA1849326B00E792F7 /* CardList.m */ = {isa = PBXFileReference; fileEncoding = 4; lastKnownFileType = sourcecode.c.objc; path = CardList.m; sourceTree = "<group>"; };
		3A5BC3EB1849326B00E792F7 /* Deck.h */ = {isa = PBXFileReference; fileEncoding = 4; lastKnownFileType = sourcecode.c.h; path = Deck.h; sourceTree = "<group>"; };
		3A5BC3EC1849326B00E792F7 /* Deck.m */ = {isa = PBXFileReference; fileEncoding = 4; lastKnownFileType = sourcecode.c.objc; path = Deck.m; sourceTree = "<group>"; };
		3A5BC3ED1849326B00E792F7 /* NRTypes.h */ = {isa = PBXFileReference; fileEncoding = 4; lastKnownFileType = sourcecode.c.h; path = NRTypes.h; sourceTree = "<group>"; };
		3A5BC3F3184945A800E792F7 /* TODOs */ = {isa = PBXFileReference; fileEncoding = 4; lastKnownFileType = text; path = TODOs; sourceTree = "<group>"; };
		3A5FB2EA1888892300DD3CC5 /* ImageCache.h */ = {isa = PBXFileReference; fileEncoding = 4; lastKnownFileType = sourcecode.c.h; path = ImageCache.h; sourceTree = "<group>"; };
		3A5FB2EB1888892300DD3CC5 /* ImageCache.m */ = {isa = PBXFileReference; fileEncoding = 4; lastKnownFileType = sourcecode.c.objc; path = ImageCache.m; sourceTree = "<group>"; };
		3A6AF0D81899BB3B00227C25 /* cardviewicon.png */ = {isa = PBXFileReference; lastKnownFileType = image.png; path = cardviewicon.png; sourceTree = "<group>"; };
		3A6AF0D91899BB3B00227C25 /* cardviewicon@2x.png */ = {isa = PBXFileReference; lastKnownFileType = image.png; path = "cardviewicon@2x.png"; sourceTree = "<group>"; };
		3A6AF0DA1899BB3B00227C25 /* listviewicon.png */ = {isa = PBXFileReference; lastKnownFileType = image.png; path = listviewicon.png; sourceTree = "<group>"; };
		3A6AF0DB1899BB3B00227C25 /* listviewicon@2x.png */ = {isa = PBXFileReference; lastKnownFileType = image.png; path = "listviewicon@2x.png"; sourceTree = "<group>"; };
		3A6AF0DC1899BB3B00227C25 /* tableviewicon.png */ = {isa = PBXFileReference; lastKnownFileType = image.png; path = tableviewicon.png; sourceTree = "<group>"; };
		3A6AF0DD1899BB3B00227C25 /* tableviewicon@2x.png */ = {isa = PBXFileReference; lastKnownFileType = image.png; path = "tableviewicon@2x.png"; sourceTree = "<group>"; };
		3A6AF0E41899C12500227C25 /* NRNavigationController.h */ = {isa = PBXFileReference; fileEncoding = 4; lastKnownFileType = sourcecode.c.h; path = NRNavigationController.h; sourceTree = "<group>"; };
		3A6AF0E51899C12500227C25 /* NRNavigationController.m */ = {isa = PBXFileReference; fileEncoding = 4; lastKnownFileType = sourcecode.c.objc; path = NRNavigationController.m; sourceTree = "<group>"; };
		3A71C9C6185CC4E200D66A27 /* CardSets.h */ = {isa = PBXFileReference; fileEncoding = 4; lastKnownFileType = sourcecode.c.h; path = CardSets.h; sourceTree = "<group>"; };
		3A71C9C7185CC4E200D66A27 /* CardSets.m */ = {isa = PBXFileReference; fileEncoding = 4; lastKnownFileType = sourcecode.c.objc; path = CardSets.m; sourceTree = "<group>"; };
		3A721DBF189CFA64004EFDFE /* DeckImport.h */ = {isa = PBXFileReference; fileEncoding = 4; lastKnownFileType = sourcecode.c.h; path = DeckImport.h; sourceTree = "<group>"; };
		3A721DC0189CFA64004EFDFE /* DeckImport.m */ = {isa = PBXFileReference; fileEncoding = 4; lastKnownFileType = sourcecode.c.objc; path = DeckImport.m; sourceTree = "<group>"; };
		3A7FD6B0188172C100F0926F /* CardImageCell.xib */ = {isa = PBXFileReference; fileEncoding = 4; lastKnownFileType = file.xib; path = CardImageCell.xib; sourceTree = "<group>"; };
		3A7FD6B21881737700F0926F /* CardImageCell.h */ = {isa = PBXFileReference; fileEncoding = 4; lastKnownFileType = sourcecode.c.h; path = CardImageCell.h; sourceTree = "<group>"; };
		3A7FD6B31881737700F0926F /* CardImageCell.m */ = {isa = PBXFileReference; fileEncoding = 4; lastKnownFileType = sourcecode.c.objc; path = CardImageCell.m; sourceTree = "<group>"; };
		3A7FD6B5188177AF00F0926F /* CardImagePopup.xib */ = {isa = PBXFileReference; fileEncoding = 4; lastKnownFileType = file.xib; path = CardImagePopup.xib; sourceTree = "<group>"; };
		3A85323D1855050900507B9A /* NRSplitViewController.h */ = {isa = PBXFileReference; fileEncoding = 4; lastKnownFileType = sourcecode.c.h; path = NRSplitViewController.h; sourceTree = "<group>"; };
		3A85323E1855050900507B9A /* NRSplitViewController.m */ = {isa = PBXFileReference; fileEncoding = 4; lastKnownFileType = sourcecode.c.objc; path = NRSplitViewController.m; sourceTree = "<group>"; };
		3A8532781855084900507B9A /* InAppSettings.bundle */ = {isa = PBXFileReference; lastKnownFileType = "wrapper.plug-in"; path = InAppSettings.bundle; sourceTree = "<group>"; };
		3A85327A185509B000507B9A /* SettingsViewController.h */ = {isa = PBXFileReference; fileEncoding = 4; lastKnownFileType = sourcecode.c.h; path = SettingsViewController.h; sourceTree = "<group>"; };
		3A85327B185509B000507B9A /* SettingsViewController.m */ = {isa = PBXFileReference; fileEncoding = 4; lastKnownFileType = sourcecode.c.objc; path = SettingsViewController.m; sourceTree = "<group>"; };
		3A85327C185509B000507B9A /* SettingsViewController.xib */ = {isa = PBXFileReference; fileEncoding = 4; lastKnownFileType = file.xib; path = SettingsViewController.xib; sourceTree = "<group>"; };
		3A85327F18550ACE00507B9A /* AboutViewController.h */ = {isa = PBXFileReference; fileEncoding = 4; lastKnownFileType = sourcecode.c.h; path = AboutViewController.h; sourceTree = "<group>"; };
		3A85328018550ACE00507B9A /* AboutViewController.m */ = {isa = PBXFileReference; fileEncoding = 4; lastKnownFileType = sourcecode.c.objc; path = AboutViewController.m; sourceTree = "<group>"; };
		3A85328118550ACE00507B9A /* AboutView.xib */ = {isa = PBXFileReference; fileEncoding = 4; lastKnownFileType = file.xib; path = AboutView.xib; sourceTree = "<group>"; };
		3A85328518550B5600507B9A /* About.html */ = {isa = PBXFileReference; fileEncoding = 4; lastKnownFileType = text.html; path = About.html; sourceTree = "<group>"; };
		3A9283DD187429DF00EA0B21 /* Notifications.h */ = {isa = PBXFileReference; lastKnownFileType = sourcecode.c.h; path = Notifications.h; sourceTree = "<group>"; };
		3A99426C184B8C9E004B6E05 /* libxml2.dylib */ = {isa = PBXFileReference; lastKnownFileType = "compiled.mach-o.dylib"; name = libxml2.dylib; path = usr/lib/libxml2.dylib; sourceTree = SDKROOT; };
		3A99426E184B8CA6004B6E05 /* ImageIO.framework */ = {isa = PBXFileReference; lastKnownFileType = wrapper.framework; name = ImageIO.framework; path = System/Library/Frameworks/ImageIO.framework; sourceTree = SDKROOT; };
		3A994270184B8CAB004B6E05 /* QuartzCore.framework */ = {isa = PBXFileReference; lastKnownFileType = wrapper.framework; name = QuartzCore.framework; path = System/Library/Frameworks/QuartzCore.framework; sourceTree = SDKROOT; };
		3A994272184B8CB4004B6E05 /* CoreText.framework */ = {isa = PBXFileReference; lastKnownFileType = wrapper.framework; name = CoreText.framework; path = System/Library/Frameworks/CoreText.framework; sourceTree = SDKROOT; };
		3A994274184B8CBB004B6E05 /* MobileCoreServices.framework */ = {isa = PBXFileReference; lastKnownFileType = wrapper.framework; name = MobileCoreServices.framework; path = System/Library/Frameworks/MobileCoreServices.framework; sourceTree = SDKROOT; };
		3A9E7C4A18845FDA00A507C3 /* TableData.h */ = {isa = PBXFileReference; fileEncoding = 4; lastKnownFileType = sourcecode.c.h; path = TableData.h; sourceTree = "<group>"; };
		3A9E7C4B18845FDA00A507C3 /* TableData.m */ = {isa = PBXFileReference; fileEncoding = 4; lastKnownFileType = sourcecode.c.objc; path = TableData.m; sourceTree = "<group>"; };
		3A9E7C4E1884941200A507C3 /* 702-share.png */ = {isa = PBXFileReference; lastKnownFileType = image.png; name = "702-share.png"; path = "../702-share.png"; sourceTree = "<group>"; };
		3A9E7C4F1884941200A507C3 /* 702-share@2x.png */ = {isa = PBXFileReference; lastKnownFileType = image.png; name = "702-share@2x.png"; path = "../702-share@2x.png"; sourceTree = "<group>"; };
		3AA440E31854DA4C0051D4B0 /* ActionsTableViewController.h */ = {isa = PBXFileReference; fileEncoding = 4; lastKnownFileType = sourcecode.c.h; path = ActionsTableViewController.h; sourceTree = "<group>"; };
		3AA440E41854DA4C0051D4B0 /* ActionsTableViewController.m */ = {isa = PBXFileReference; fileEncoding = 4; lastKnownFileType = sourcecode.c.objc; path = ActionsTableViewController.m; sourceTree = "<group>"; };
		3AA440E51854DA4C0051D4B0 /* MainWindow.xib */ = {isa = PBXFileReference; fileEncoding = 4; lastKnownFileType = file.xib; path = MainWindow.xib; sourceTree = "<group>"; };
		3AA440E81854DA580051D4B0 /* EmptyDetailView.xib */ = {isa = PBXFileReference; fileEncoding = 4; lastKnownFileType = file.xib; path = EmptyDetailView.xib; sourceTree = "<group>"; };
		3AA440E91854DA580051D4B0 /* EmptyDetailViewController.h */ = {isa = PBXFileReference; fileEncoding = 4; lastKnownFileType = sourcecode.c.h; path = EmptyDetailViewController.h; sourceTree = "<group>"; };
		3AA440EA1854DA580051D4B0 /* EmptyDetailViewController.m */ = {isa = PBXFileReference; fileEncoding = 4; lastKnownFileType = sourcecode.c.objc; path = EmptyDetailViewController.m; sourceTree = "<group>"; };
		3AA440ED1854DA630051D4B0 /* DetailViewManager.h */ = {isa = PBXFileReference; fileEncoding = 4; lastKnownFileType = sourcecode.c.h; path = DetailViewManager.h; sourceTree = "<group>"; };
		3AA440EE1854DA630051D4B0 /* DetailViewManager.m */ = {isa = PBXFileReference; fileEncoding = 4; lastKnownFileType = sourcecode.c.objc; path = DetailViewManager.m; sourceTree = "<group>"; };
		3AA440F51854EF720051D4B0 /* DeckListViewController.h */ = {isa = PBXFileReference; fileEncoding = 4; lastKnownFileType = sourcecode.c.h; path = DeckListViewController.h; sourceTree = "<group>"; };
		3AA440F61854EF720051D4B0 /* DeckListViewController.m */ = {isa = PBXFileReference; fileEncoding = 4; lastKnownFileType = sourcecode.c.objc; path = DeckListViewController.m; sourceTree = "<group>"; };
		3AA440F71854EF720051D4B0 /* DeckListViewController.xib */ = {isa = PBXFileReference; fileEncoding = 4; lastKnownFileType = file.xib; path = DeckListViewController.xib; sourceTree = "<group>"; };
		3AB1B2331872ECA000F6AE45 /* FilteredCardViewController.xib */ = {isa = PBXFileReference; fileEncoding = 4; lastKnownFileType = file.xib; path = FilteredCardViewController.xib; sourceTree = "<group>"; };
		3AB357D3186CC2010027D5FC /* IdentitySelectionViewController.h */ = {isa = PBXFileReference; fileEncoding = 4; lastKnownFileType = sourcecode.c.h; path = IdentitySelectionViewController.h; sourceTree = "<group>"; };
		3AB357D4186CC2010027D5FC /* IdentitySelectionViewController.m */ = {isa = PBXFileReference; fileEncoding = 4; lastKnownFileType = sourcecode.c.objc; path = IdentitySelectionViewController.m; sourceTree = "<group>"; };
		3AB357D5186CC2010027D5FC /* IdentitySelectionViewController.xib */ = {isa = PBXFileReference; fileEncoding = 4; lastKnownFileType = file.xib; path = IdentitySelectionViewController.xib; sourceTree = "<group>"; };
		3AB357D8186DC1E50027D5FC /* IdentityViewCell.h */ = {isa = PBXFileReference; fileEncoding = 4; lastKnownFileType = sourcecode.c.h; path = IdentityViewCell.h; sourceTree = "<group>"; };
		3AB357D9186DC1E50027D5FC /* IdentityViewCell.m */ = {isa = PBXFileReference; fileEncoding = 4; lastKnownFileType = sourcecode.c.objc; path = IdentityViewCell.m; sourceTree = "<group>"; };
		3AB357DB186DC1F80027D5FC /* IdentityViewCell.xib */ = {isa = PBXFileReference; fileEncoding = 4; lastKnownFileType = file.xib; path = IdentityViewCell.xib; sourceTree = "<group>"; };
		3ACCEE1F18699FCA00CC3537 /* LargeCardCell.xib */ = {isa = PBXFileReference; fileEncoding = 4; lastKnownFileType = file.xib; path = LargeCardCell.xib; sourceTree = "<group>"; };
		3ACCEE211869A25500CC3537 /* LargeCardCell.h */ = {isa = PBXFileReference; fileEncoding = 4; lastKnownFileType = sourcecode.c.h; path = LargeCardCell.h; sourceTree = "<group>"; };
		3ACCEE221869A25500CC3537 /* LargeCardCell.m */ = {isa = PBXFileReference; fileEncoding = 4; lastKnownFileType = sourcecode.c.objc; path = LargeCardCell.m; sourceTree = "<group>"; };
		3ACCEE241869B10700CC3537 /* CardFilterHeaderView.xib */ = {isa = PBXFileReference; fileEncoding = 4; lastKnownFileType = file.xib; path = CardFilterHeaderView.xib; sourceTree = "<group>"; };
		3ACE038F1882CEC600F22B87 /* ImportDecksViewController.h */ = {isa = PBXFileReference; fileEncoding = 4; lastKnownFileType = sourcecode.c.h; path = ImportDecksViewController.h; sourceTree = "<group>"; };
		3ACE03901882CEC600F22B87 /* ImportDecksViewController.m */ = {isa = PBXFileReference; fileEncoding = 4; lastKnownFileType = sourcecode.c.objc; path = ImportDecksViewController.m; sourceTree = "<group>"; };
		3ACE03911882CEC600F22B87 /* ImportDecksViewController.xib */ = {isa = PBXFileReference; fileEncoding = 4; lastKnownFileType = file.xib; path = ImportDecksViewController.xib; sourceTree = "<group>"; };
		3AD066771896CD2100FF1666 /* CardCell.h */ = {isa = PBXFileReference; fileEncoding = 4; lastKnownFileType = sourcecode.c.h; path = CardCell.h; sourceTree = "<group>"; };
		3AD066781896CD2100FF1666 /* CardCell.m */ = {isa = PBXFileReference; fileEncoding = 4; lastKnownFileType = sourcecode.c.objc; path = CardCell.m; sourceTree = "<group>"; };
		3AD0667C1896D0F100FF1666 /* SmallCardCell.h */ = {isa = PBXFileReference; fileEncoding = 4; lastKnownFileType = sourcecode.c.h; path = SmallCardCell.h; sourceTree = "<group>"; };
		3AD0667D1896D0F100FF1666 /* SmallCardCell.m */ = {isa = PBXFileReference; fileEncoding = 4; lastKnownFileType = sourcecode.c.objc; path = SmallCardCell.m; sourceTree = "<group>"; };
		3AD066811896D5B800FF1666 /* SmallCardCell.xib */ = {isa = PBXFileReference; fileEncoding = 4; lastKnownFileType = file.xib; path = SmallCardCell.xib; sourceTree = "<group>"; };
		3ADC172F1856401D00FA2DF7 /* CardData.h */ = {isa = PBXFileReference; fileEncoding = 4; lastKnownFileType = sourcecode.c.h; path = CardData.h; sourceTree = "<group>"; };
		3ADC17301856401D00FA2DF7 /* CardData.m */ = {isa = PBXFileReference; fileEncoding = 4; lastKnownFileType = sourcecode.c.objc; path = CardData.m; sourceTree = "<group>"; };
		3ADC17331856632500FA2DF7 /* CardEditorViewController.h */ = {isa = PBXFileReference; fileEncoding = 4; lastKnownFileType = sourcecode.c.h; path = CardEditorViewController.h; sourceTree = "<group>"; };
		3ADC17341856632500FA2DF7 /* CardEditorViewController.m */ = {isa = PBXFileReference; fileEncoding = 4; lastKnownFileType = sourcecode.c.objc; path = CardEditorViewController.m; sourceTree = "<group>"; };
		3ADC17351856632500FA2DF7 /* CardEditorViewController.xib */ = {isa = PBXFileReference; fileEncoding = 4; lastKnownFileType = file.xib; path = CardEditorViewController.xib; sourceTree = "<group>"; };
		3ADE90901877317F006E187F /* DeckManager.h */ = {isa = PBXFileReference; fileEncoding = 4; lastKnownFileType = sourcecode.c.h; path = DeckManager.h; sourceTree = "<group>"; };
		3ADE90911877317F006E187F /* DeckManager.m */ = {isa = PBXFileReference; fileEncoding = 4; lastKnownFileType = sourcecode.c.objc; path = DeckManager.m; sourceTree = "<group>"; };
		3ADE9093187734B5006E187F /* SettingsKeys.h */ = {isa = PBXFileReference; lastKnownFileType = sourcecode.c.h; path = SettingsKeys.h; sourceTree = "<group>"; };
		3ADE909518773698006E187F /* SavedDecksViewController.h */ = {isa = PBXFileReference; fileEncoding = 4; lastKnownFileType = sourcecode.c.h; path = SavedDecksViewController.h; sourceTree = "<group>"; };
		3ADE909618773698006E187F /* SavedDecksViewController.m */ = {isa = PBXFileReference; fileEncoding = 4; lastKnownFileType = sourcecode.c.objc; path = SavedDecksViewController.m; sourceTree = "<group>"; };
		3ADE909718773698006E187F /* SavedDeckCell.h */ = {isa = PBXFileReference; fileEncoding = 4; lastKnownFileType = sourcecode.c.h; path = SavedDeckCell.h; sourceTree = "<group>"; };
		3ADE909818773698006E187F /* SavedDeckCell.m */ = {isa = PBXFileReference; fileEncoding = 4; lastKnownFileType = sourcecode.c.objc; path = SavedDeckCell.m; sourceTree = "<group>"; };
		3ADE909B187741AF006E187F /* SavedDecksViewController.xib */ = {isa = PBXFileReference; fileEncoding = 4; lastKnownFileType = file.xib; path = SavedDecksViewController.xib; sourceTree = "<group>"; };
		3ADE909D18775A77006E187F /* CardImageViewPopover.m */ = {isa = PBXFileReference; fileEncoding = 4; lastKnownFileType = sourcecode.c.objc; path = CardImageViewPopover.m; sourceTree = "<group>"; };
		3ADE909E18775A77006E187F /* CardImageView.xib */ = {isa = PBXFileReference; fileEncoding = 4; lastKnownFileType = file.xib; path = CardImageView.xib; sourceTree = "<group>"; };
		3ADE909F18775A77006E187F /* CardImageViewPopover.h */ = {isa = PBXFileReference; fileEncoding = 4; lastKnownFileType = sourcecode.c.h; path = CardImageViewPopover.h; sourceTree = "<group>"; };
		3ADEA762184BA87B00E32456 /* DTCoreTextFontOverrides.plist */ = {isa = PBXFileReference; fileEncoding = 4; lastKnownFileType = text.plist.xml; path = DTCoreTextFontOverrides.plist; sourceTree = "<group>"; };
		3ADFB17718817AA200AC8F3E /* CardImagePopup.h */ = {isa = PBXFileReference; fileEncoding = 4; lastKnownFileType = sourcecode.c.h; path = CardImagePopup.h; sourceTree = "<group>"; };
		3ADFB17818817AA200AC8F3E /* CardImagePopup.m */ = {isa = PBXFileReference; fileEncoding = 4; lastKnownFileType = sourcecode.c.objc; path = CardImagePopup.m; sourceTree = "<group>"; };
		3AF2E8B91883075500F6306B /* CardFilterPopover.h */ = {isa = PBXFileReference; fileEncoding = 4; lastKnownFileType = sourcecode.c.h; path = CardFilterPopover.h; sourceTree = "<group>"; };
		3AF2E8BA1883075500F6306B /* CardFilterPopover.m */ = {isa = PBXFileReference; fileEncoding = 4; lastKnownFileType = sourcecode.c.objc; path = CardFilterPopover.m; sourceTree = "<group>"; };
		3AF2E8BB1883075500F6306B /* CardFilterPopover.xib */ = {isa = PBXFileReference; fileEncoding = 4; lastKnownFileType = file.xib; path = CardFilterPopover.xib; sourceTree = "<group>"; };
		51B908737050483393874704 /* Pods.xcconfig */ = {isa = PBXFileReference; includeInIndex = 1; lastKnownFileType = text.xcconfig; name = Pods.xcconfig; path = Pods/Pods.xcconfig; sourceTree = "<group>"; };
		69129A4A2D3A4A50B7C75895 /* libPods.a */ = {isa = PBXFileReference; explicitFileType = archive.ar; includeInIndex = 0; path = libPods.a; sourceTree = BUILT_PRODUCTS_DIR; };
/* End PBXFileReference section */

/* Begin PBXFrameworksBuildPhase section */
		3A36225B1849320C007F2854 /* Frameworks */ = {
			isa = PBXFrameworksBuildPhase;
			buildActionMask = 2147483647;
			files = (
				3A994275184B8CBB004B6E05 /* MobileCoreServices.framework in Frameworks */,
				3A994273184B8CB4004B6E05 /* CoreText.framework in Frameworks */,
				3A994271184B8CAB004B6E05 /* QuartzCore.framework in Frameworks */,
				3A99426F184B8CA6004B6E05 /* ImageIO.framework in Frameworks */,
				3A99426D184B8C9E004B6E05 /* libxml2.dylib in Frameworks */,
				3A3622641849320C007F2854 /* CoreGraphics.framework in Frameworks */,
				3A3622661849320C007F2854 /* UIKit.framework in Frameworks */,
				3A3622621849320C007F2854 /* Foundation.framework in Frameworks */,
				ED15EBD876484EC4BAF34F26 /* libPods.a in Frameworks */,
			);
			runOnlyForDeploymentPostprocessing = 0;
		};
		3A36227F1849320C007F2854 /* Frameworks */ = {
			isa = PBXFrameworksBuildPhase;
			buildActionMask = 2147483647;
			files = (
				3A3622841849320C007F2854 /* XCTest.framework in Frameworks */,
				3A3622861849320C007F2854 /* UIKit.framework in Frameworks */,
				3A3622851849320C007F2854 /* Foundation.framework in Frameworks */,
			);
			runOnlyForDeploymentPostprocessing = 0;
		};
/* End PBXFrameworksBuildPhase section */

/* Begin PBXGroup section */
		3A1ECC8E1879A1B1003400A9 /* Deck Export */ = {
			isa = PBXGroup;
			children = (
				3A1ECC8F1879A1CC003400A9 /* DeckExport.h */,
				3A1ECC901879A1CC003400A9 /* DeckExport.m */,
				3A1ECC921879A383003400A9 /* OCTGN.mustache */,
			);
			name = "Deck Export";
			sourceTree = "<group>";
		};
		3A3622551849320C007F2854 = {
			isa = PBXGroup;
			children = (
				3A41787A18761B9200DEEFA6 /* 3rdParty */,
				3A3622671849320C007F2854 /* NRDB */,
				3A3622891849320C007F2854 /* NRDBTests */,
				3A3622601849320C007F2854 /* Frameworks */,
				3A36225F1849320C007F2854 /* Products */,
				51B908737050483393874704 /* Pods.xcconfig */,
			);
			sourceTree = "<group>";
		};
		3A36225F1849320C007F2854 /* Products */ = {
			isa = PBXGroup;
			children = (
				3A36225E1849320C007F2854 /* NRDB.app */,
				3A3622821849320C007F2854 /* NRDBTests.xctest */,
			);
			name = Products;
			sourceTree = "<group>";
		};
		3A3622601849320C007F2854 /* Frameworks */ = {
			isa = PBXGroup;
			children = (
				3A994274184B8CBB004B6E05 /* MobileCoreServices.framework */,
				3A994272184B8CB4004B6E05 /* CoreText.framework */,
				3A994270184B8CAB004B6E05 /* QuartzCore.framework */,
				3A99426E184B8CA6004B6E05 /* ImageIO.framework */,
				3A99426C184B8C9E004B6E05 /* libxml2.dylib */,
				3A3622611849320C007F2854 /* Foundation.framework */,
				3A3622631849320C007F2854 /* CoreGraphics.framework */,
				3A3622651849320C007F2854 /* UIKit.framework */,
				3A3622831849320C007F2854 /* XCTest.framework */,
				69129A4A2D3A4A50B7C75895 /* libPods.a */,
			);
			name = Frameworks;
			sourceTree = "<group>";
		};
		3A3622671849320C007F2854 /* NRDB */ = {
			isa = PBXGroup;
			children = (
				3A5BC3F3184945A800E792F7 /* TODOs */,
				3A3622701849320C007F2854 /* AppDelegate.h */,
				3A3622711849320C007F2854 /* AppDelegate.m */,
				3A595423186ED61C0074B3B1 /* CGRectUtils.h */,
				3AA440ED1854DA630051D4B0 /* DetailViewManager.h */,
				3AA440EE1854DA630051D4B0 /* DetailViewManager.m */,
				3A85323D1855050900507B9A /* NRSplitViewController.h */,
				3A85323E1855050900507B9A /* NRSplitViewController.m */,
				3A6AF0E41899C12500227C25 /* NRNavigationController.h */,
				3A6AF0E51899C12500227C25 /* NRNavigationController.m */,
				3A5FB2EA1888892300DD3CC5 /* ImageCache.h */,
				3A5FB2EB1888892300DD3CC5 /* ImageCache.m */,
				3AA440DF1854DA0D0051D4B0 /* Data / Models */,
				3A595425186EE7C40074B3B1 /* Card Image Popover */,
				3A595424186EDCED0074B3B1 /* Identity Selection Form */,
				3A8532311854F70F00507B9A /* Master Views */,
				3AA440E21854DA310051D4B0 /* Detail Views */,
				3A1ECC8E1879A1B1003400A9 /* Deck Export */,
				3A721DBE189CFA3A004EFDFE /* Deck Import */,
				3A6AF0D71899BB3B00227C25 /* Icons */,
				3A36227C1849320C007F2854 /* Images.xcassets */,
				3A3622681849320C007F2854 /* Supporting Files */,
			);
			path = NRDB;
			sourceTree = "<group>";
		};
		3A3622681849320C007F2854 /* Supporting Files */ = {
			isa = PBXGroup;
			children = (
				3ADEA762184BA87B00E32456 /* DTCoreTextFontOverrides.plist */,
				3A3622691849320C007F2854 /* NRDB-Info.plist */,
				3A36226A1849320C007F2854 /* InfoPlist.strings */,
				3A36226D1849320C007F2854 /* main.m */,
				3A36226F1849320C007F2854 /* NRDB-Prefix.pch */,
			);
			name = "Supporting Files";
			sourceTree = "<group>";
		};
		3A3622891849320C007F2854 /* NRDBTests */ = {
			isa = PBXGroup;
			children = (
				3A36228F1849320C007F2854 /* NRDBTests.m */,
				3A36228A1849320C007F2854 /* Supporting Files */,
			);
			path = NRDBTests;
			sourceTree = "<group>";
		};
		3A36228A1849320C007F2854 /* Supporting Files */ = {
			isa = PBXGroup;
			children = (
				3A36228B1849320C007F2854 /* NRDBTests-Info.plist */,
				3A36228C1849320C007F2854 /* InfoPlist.strings */,
			);
			name = "Supporting Files";
			sourceTree = "<group>";
		};
		3A41787A18761B9200DEEFA6 /* 3rdParty */ = {
			isa = PBXGroup;
			children = (
				3A41787D18761BF600DEEFA6 /* InAppSettingsKit */,
			);
			name = 3rdParty;
			sourceTree = "<group>";
		};
		3A41787D18761BF600DEEFA6 /* InAppSettingsKit */ = {
			isa = PBXGroup;
			children = (
				3A41787E18761BF600DEEFA6 /* Controllers */,
				3A41788618761BF600DEEFA6 /* Models */,
				3A41789118761BF600DEEFA6 /* Views */,
			);
			name = InAppSettingsKit;
			path = NRDB/InAppSettingsKit;
			sourceTree = "<group>";
		};
		3A41787E18761BF600DEEFA6 /* Controllers */ = {
			isa = PBXGroup;
			children = (
				3A41787F18761BF600DEEFA6 /* IASKAppSettingsViewController.h */,
				3A41788018761BF600DEEFA6 /* IASKAppSettingsViewController.m */,
				3A41788118761BF600DEEFA6 /* IASKAppSettingsWebViewController.h */,
				3A41788218761BF600DEEFA6 /* IASKAppSettingsWebViewController.m */,
				3A41788318761BF600DEEFA6 /* IASKSpecifierValuesViewController.h */,
				3A41788418761BF600DEEFA6 /* IASKSpecifierValuesViewController.m */,
				3A41788518761BF600DEEFA6 /* IASKViewController.h */,
			);
			path = Controllers;
			sourceTree = "<group>";
		};
		3A41788618761BF600DEEFA6 /* Models */ = {
			isa = PBXGroup;
			children = (
				3A41788718761BF600DEEFA6 /* IASKSettingsReader.h */,
				3A41788818761BF600DEEFA6 /* IASKSettingsReader.m */,
				3A41788918761BF600DEEFA6 /* IASKSettingsStore.h */,
				3A41788A18761BF600DEEFA6 /* IASKSettingsStore.m */,
				3A41788B18761BF600DEEFA6 /* IASKSettingsStoreFile.h */,
				3A41788C18761BF600DEEFA6 /* IASKSettingsStoreFile.m */,
				3A41788D18761BF600DEEFA6 /* IASKSettingsStoreUserDefaults.h */,
				3A41788E18761BF600DEEFA6 /* IASKSettingsStoreUserDefaults.m */,
				3A41788F18761BF600DEEFA6 /* IASKSpecifier.h */,
				3A41789018761BF600DEEFA6 /* IASKSpecifier.m */,
			);
			path = Models;
			sourceTree = "<group>";
		};
		3A41789118761BF600DEEFA6 /* Views */ = {
			isa = PBXGroup;
			children = (
				3A41789218761BF600DEEFA6 /* IASKPSSliderSpecifierViewCell.h */,
				3A41789318761BF600DEEFA6 /* IASKPSSliderSpecifierViewCell.m */,
				3A41789418761BF600DEEFA6 /* IASKPSTextFieldSpecifierViewCell.h */,
				3A41789518761BF600DEEFA6 /* IASKPSTextFieldSpecifierViewCell.m */,
				3A41789618761BF600DEEFA6 /* IASKPSTitleValueSpecifierViewCell.h */,
				3A41789718761BF600DEEFA6 /* IASKPSTitleValueSpecifierViewCell.m */,
				3A41789818761BF600DEEFA6 /* IASKSlider.h */,
				3A41789918761BF600DEEFA6 /* IASKSlider.m */,
				3A41789A18761BF600DEEFA6 /* IASKSwitch.h */,
				3A41789B18761BF600DEEFA6 /* IASKSwitch.m */,
				3A41789C18761BF600DEEFA6 /* IASKTextField.h */,
				3A41789D18761BF600DEEFA6 /* IASKTextField.m */,
			);
			path = Views;
			sourceTree = "<group>";
		};
		3A595424186EDCED0074B3B1 /* Identity Selection Form */ = {
			isa = PBXGroup;
			children = (
				3AB357D3186CC2010027D5FC /* IdentitySelectionViewController.h */,
				3AB357D4186CC2010027D5FC /* IdentitySelectionViewController.m */,
				3AB357D5186CC2010027D5FC /* IdentitySelectionViewController.xib */,
				3AB357D8186DC1E50027D5FC /* IdentityViewCell.h */,
				3AB357D9186DC1E50027D5FC /* IdentityViewCell.m */,
				3AB357DB186DC1F80027D5FC /* IdentityViewCell.xib */,
			);
			name = "Identity Selection Form";
			sourceTree = "<group>";
		};
		3A595425186EE7C40074B3B1 /* Card Image Popover */ = {
			isa = PBXGroup;
			children = (
				3ADE909F18775A77006E187F /* CardImageViewPopover.h */,
				3ADE909D18775A77006E187F /* CardImageViewPopover.m */,
				3ADE909E18775A77006E187F /* CardImageView.xib */,
			);
			name = "Card Image Popover";
			sourceTree = "<group>";
		};
		3A6AF0D71899BB3B00227C25 /* Icons */ = {
			isa = PBXGroup;
			children = (
				3A6AF0D81899BB3B00227C25 /* cardviewicon.png */,
				3A6AF0D91899BB3B00227C25 /* cardviewicon@2x.png */,
				3A6AF0DA1899BB3B00227C25 /* listviewicon.png */,
				3A6AF0DB1899BB3B00227C25 /* listviewicon@2x.png */,
				3A6AF0DC1899BB3B00227C25 /* tableviewicon.png */,
				3A6AF0DD1899BB3B00227C25 /* tableviewicon@2x.png */,
				3A386270188514AE00F5630B /* 743-printer.png */,
				3A386271188514AE00F5630B /* 743-printer@2x.png */,
				3A9E7C4E1884941200A507C3 /* 702-share.png */,
				3A9E7C4F1884941200A507C3 /* 702-share@2x.png */,
			);
			path = Icons;
			sourceTree = "<group>";
		};
		3A721DBE189CFA3A004EFDFE /* Deck Import */ = {
			isa = PBXGroup;
			children = (
				3A721DBF189CFA64004EFDFE /* DeckImport.h */,
				3A721DC0189CFA64004EFDFE /* DeckImport.m */,
			);
			name = "Deck Import";
			sourceTree = "<group>";
		};
		3A8532311854F70F00507B9A /* Master Views */ = {
			isa = PBXGroup;
			children = (
				3AA440E11854DA260051D4B0 /* Actions View */,
				3A8532321854F78100507B9A /* Filtered Cards */,
			);
			name = "Master Views";
			sourceTree = "<group>";
		};
		3A8532321854F78100507B9A /* Filtered Cards */ = {
			isa = PBXGroup;
			children = (
				3A3622761849320C007F2854 /* FilteredCardViewController.h */,
				3A3622771849320C007F2854 /* FilteredCardViewController.m */,
				3AB1B2331872ECA000F6AE45 /* FilteredCardViewController.xib */,
				3A4925021869C70300B22DC5 /* CardFilterHeaderView.h */,
				3A4925031869C70300B22DC5 /* CardFilterHeaderView.m */,
				3ACCEE241869B10700CC3537 /* CardFilterHeaderView.xib */,
				3AF2E8B91883075500F6306B /* CardFilterPopover.h */,
				3AF2E8BA1883075500F6306B /* CardFilterPopover.m */,
				3AF2E8BB1883075500F6306B /* CardFilterPopover.xib */,
			);
			name = "Filtered Cards";
			sourceTree = "<group>";
		};
		3A8532361854F8D300507B9A /* Empty Detail */ = {
			isa = PBXGroup;
			children = (
				3AA440E81854DA580051D4B0 /* EmptyDetailView.xib */,
				3AA440E91854DA580051D4B0 /* EmptyDetailViewController.h */,
				3AA440EA1854DA580051D4B0 /* EmptyDetailViewController.m */,
			);
			name = "Empty Detail";
			sourceTree = "<group>";
		};
		3A8532371854F8E200507B9A /* Deck List */ = {
			isa = PBXGroup;
			children = (
				3AA440F51854EF720051D4B0 /* DeckListViewController.h */,
				3AA440F61854EF720051D4B0 /* DeckListViewController.m */,
				3AA440F71854EF720051D4B0 /* DeckListViewController.xib */,
				3AD066771896CD2100FF1666 /* CardCell.h */,
				3AD066781896CD2100FF1666 /* CardCell.m */,
				3ACCEE211869A25500CC3537 /* LargeCardCell.h */,
				3ACCEE221869A25500CC3537 /* LargeCardCell.m */,
				3ACCEE1F18699FCA00CC3537 /* LargeCardCell.xib */,
				3AD0667C1896D0F100FF1666 /* SmallCardCell.h */,
				3AD0667D1896D0F100FF1666 /* SmallCardCell.m */,
				3AD066811896D5B800FF1666 /* SmallCardCell.xib */,
				3A7FD6B21881737700F0926F /* CardImageCell.h */,
				3A7FD6B31881737700F0926F /* CardImageCell.m */,
				3A7FD6B0188172C100F0926F /* CardImageCell.xib */,
				3ADFB17718817AA200AC8F3E /* CardImagePopup.h */,
				3ADFB17818817AA200AC8F3E /* CardImagePopup.m */,
				3A7FD6B5188177AF00F0926F /* CardImagePopup.xib */,
			);
			name = "Deck List";
			sourceTree = "<group>";
		};
		3A8532771855079100507B9A /* Settings View */ = {
			isa = PBXGroup;
			children = (
				3A85327A185509B000507B9A /* SettingsViewController.h */,
				3A85327B185509B000507B9A /* SettingsViewController.m */,
				3A85327C185509B000507B9A /* SettingsViewController.xib */,
				3A8532781855084900507B9A /* InAppSettings.bundle */,
			);
			name = "Settings View";
			sourceTree = "<group>";
		};
		3A85328418550AD100507B9A /* About Detail */ = {
			isa = PBXGroup;
			children = (
				3A85327F18550ACE00507B9A /* AboutViewController.h */,
				3A85328018550ACE00507B9A /* AboutViewController.m */,
				3A85328118550ACE00507B9A /* AboutView.xib */,
				3A85328518550B5600507B9A /* About.html */,
			);
			name = "About Detail";
			sourceTree = "<group>";
		};
		3AA440DF1854DA0D0051D4B0 /* Data / Models */ = {
			isa = PBXGroup;
			children = (
				3ADE9093187734B5006E187F /* SettingsKeys.h */,
				3A9283DD187429DF00EA0B21 /* Notifications.h */,
				3A5BC3ED1849326B00E792F7 /* NRTypes.h */,
				3A16EABC185DBA2D00DB7FFC /* Faction.h */,
				3A16EABD185DBA2D00DB7FFC /* Faction.m */,
				3ADC172F1856401D00FA2DF7 /* CardData.h */,
				3ADC17301856401D00FA2DF7 /* CardData.m */,
				3A16EABF185DBC4700DB7FFC /* CardType.h */,
				3A16EAC0185DBC4700DB7FFC /* CardType.m */,
				3A5BC3E51849326B00E792F7 /* Card.h */,
				3A5BC3E61849326B00E792F7 /* Card.m */,
				3A5BC3E71849326B00E792F7 /* CardCounter.h */,
				3A5BC3E81849326B00E792F7 /* CardCounter.m */,
				3A71C9C6185CC4E200D66A27 /* CardSets.h */,
				3A71C9C7185CC4E200D66A27 /* CardSets.m */,
				3A5BC3E91849326B00E792F7 /* CardList.h */,
				3A5BC3EA1849326B00E792F7 /* CardList.m */,
				3A5BC3EB1849326B00E792F7 /* Deck.h */,
				3A5BC3EC1849326B00E792F7 /* Deck.m */,
				3ADE90901877317F006E187F /* DeckManager.h */,
				3ADE90911877317F006E187F /* DeckManager.m */,
				3A9E7C4A18845FDA00A507C3 /* TableData.h */,
				3A9E7C4B18845FDA00A507C3 /* TableData.m */,
			);
			name = "Data / Models";
			sourceTree = "<group>";
		};
		3AA440E11854DA260051D4B0 /* Actions View */ = {
			isa = PBXGroup;
			children = (
				3AA440E31854DA4C0051D4B0 /* ActionsTableViewController.h */,
				3AA440E41854DA4C0051D4B0 /* ActionsTableViewController.m */,
				3AA440E51854DA4C0051D4B0 /* MainWindow.xib */,
			);
			name = "Actions View";
			sourceTree = "<group>";
		};
		3AA440E21854DA310051D4B0 /* Detail Views */ = {
			isa = PBXGroup;
			children = (
				3ADE909418773682006E187F /* Saved Decks */,
				3A8532371854F8E200507B9A /* Deck List */,
				3A85328418550AD100507B9A /* About Detail */,
				3A8532361854F8D300507B9A /* Empty Detail */,
				3ADC1732185662F200FA2DF7 /* Card Editor */,
				3ACE038E1882CE9400F22B87 /* Import Decks */,
				3A8532771855079100507B9A /* Settings View */,
			);
			name = "Detail Views";
			sourceTree = "<group>";
		};
		3ACE038E1882CE9400F22B87 /* Import Decks */ = {
			isa = PBXGroup;
			children = (
				3ACE038F1882CEC600F22B87 /* ImportDecksViewController.h */,
				3ACE03901882CEC600F22B87 /* ImportDecksViewController.m */,
				3ACE03911882CEC600F22B87 /* ImportDecksViewController.xib */,
			);
			name = "Import Decks";
			sourceTree = "<group>";
		};
		3ADC1732185662F200FA2DF7 /* Card Editor */ = {
			isa = PBXGroup;
			children = (
				3ADC17331856632500FA2DF7 /* CardEditorViewController.h */,
				3ADC17341856632500FA2DF7 /* CardEditorViewController.m */,
				3ADC17351856632500FA2DF7 /* CardEditorViewController.xib */,
			);
			name = "Card Editor";
			sourceTree = "<group>";
		};
		3ADE909418773682006E187F /* Saved Decks */ = {
			isa = PBXGroup;
			children = (
				3ADE909518773698006E187F /* SavedDecksViewController.h */,
				3ADE909618773698006E187F /* SavedDecksViewController.m */,
				3ADE909B187741AF006E187F /* SavedDecksViewController.xib */,
				3ADE909718773698006E187F /* SavedDeckCell.h */,
				3ADE909818773698006E187F /* SavedDeckCell.m */,
			);
			name = "Saved Decks";
			sourceTree = "<group>";
		};
/* End PBXGroup section */

/* Begin PBXNativeTarget section */
		3A36225D1849320C007F2854 /* NRDB */ = {
			isa = PBXNativeTarget;
			buildConfigurationList = 3A3622931849320C007F2854 /* Build configuration list for PBXNativeTarget "NRDB" */;
			buildPhases = (
				725041DF7F0E4BE9AF0B94A3 /* Check Pods Manifest.lock */,
				3A36225A1849320C007F2854 /* Sources */,
				3A36225B1849320C007F2854 /* Frameworks */,
				3A36225C1849320C007F2854 /* Resources */,
				874BC020E2E4438DA4A0C588 /* Copy Pods Resources */,
			);
			buildRules = (
			);
			dependencies = (
			);
			name = NRDB;
			productName = NRDB;
			productReference = 3A36225E1849320C007F2854 /* NRDB.app */;
			productType = "com.apple.product-type.application";
		};
		3A3622811849320C007F2854 /* NRDBTests */ = {
			isa = PBXNativeTarget;
			buildConfigurationList = 3A3622961849320C007F2854 /* Build configuration list for PBXNativeTarget "NRDBTests" */;
			buildPhases = (
				3A36227E1849320C007F2854 /* Sources */,
				3A36227F1849320C007F2854 /* Frameworks */,
				3A3622801849320C007F2854 /* Resources */,
			);
			buildRules = (
			);
			dependencies = (
				3A3622881849320C007F2854 /* PBXTargetDependency */,
			);
			name = NRDBTests;
			productName = NRDBTests;
			productReference = 3A3622821849320C007F2854 /* NRDBTests.xctest */;
			productType = "com.apple.product-type.bundle.unit-test";
		};
/* End PBXNativeTarget section */

/* Begin PBXProject section */
		3A3622561849320C007F2854 /* Project object */ = {
			isa = PBXProject;
			attributes = {
				LastUpgradeCheck = 0500;
				ORGANIZATIONNAME = "Gereon Steffens";
				TargetAttributes = {
					3A36225D1849320C007F2854 = {
						DevelopmentTeam = 858Z7CGJH8;
					};
					3A3622811849320C007F2854 = {
						TestTargetID = 3A36225D1849320C007F2854;
					};
				};
			};
			buildConfigurationList = 3A3622591849320C007F2854 /* Build configuration list for PBXProject "NRDB" */;
			compatibilityVersion = "Xcode 3.2";
			developmentRegion = English;
			hasScannedForEncodings = 0;
			knownRegions = (
				en,
				Base,
			);
			mainGroup = 3A3622551849320C007F2854;
			productRefGroup = 3A36225F1849320C007F2854 /* Products */;
			projectDirPath = "";
			projectRoot = "";
			targets = (
				3A36225D1849320C007F2854 /* NRDB */,
				3A3622811849320C007F2854 /* NRDBTests */,
			);
		};
/* End PBXProject section */

/* Begin PBXResourcesBuildPhase section */
		3A36225C1849320C007F2854 /* Resources */ = {
			isa = PBXResourcesBuildPhase;
			buildActionMask = 2147483647;
			files = (
				3A6AF0E21899BB3B00227C25 /* tableviewicon.png in Resources */,
				3A6AF0DE1899BB3B00227C25 /* cardviewicon.png in Resources */,
				3A9E7C501884941200A507C3 /* 702-share.png in Resources */,
				3AD066821896D5B800FF1666 /* SmallCardCell.xib in Resources */,
				3AA440E71854DA4C0051D4B0 /* MainWindow.xib in Resources */,
				3AF2E8BD1883075500F6306B /* CardFilterPopover.xib in Resources */,
				3A6AF0E11899BB3B00227C25 /* listviewicon@2x.png in Resources */,
				3A7FD6B1188172C100F0926F /* CardImageCell.xib in Resources */,
				3AA440F91854EF720051D4B0 /* DeckListViewController.xib in Resources */,
				3AA440EB1854DA580051D4B0 /* EmptyDetailView.xib in Resources */,
				3A36227D1849320C007F2854 /* Images.xcassets in Resources */,
				3ADEA763184BA87B00E32456 /* DTCoreTextFontOverrides.plist in Resources */,
				3A85328618550B5600507B9A /* About.html in Resources */,
				3A36226C1849320C007F2854 /* InfoPlist.strings in Resources */,
				3ACCEE251869B10700CC3537 /* CardFilterHeaderView.xib in Resources */,
				3ACE03931882CEC600F22B87 /* ImportDecksViewController.xib in Resources */,
				3AB1B2341872ECA000F6AE45 /* FilteredCardViewController.xib in Resources */,
				3A1ECC931879A383003400A9 /* OCTGN.mustache in Resources */,
				3A85327E185509B000507B9A /* SettingsViewController.xib in Resources */,
				3A8532791855084900507B9A /* InAppSettings.bundle in Resources */,
				3ACCEE2018699FCA00CC3537 /* LargeCardCell.xib in Resources */,
				3A5BC3F4184945A800E792F7 /* TODOs in Resources */,
				3A6AF0DF1899BB3B00227C25 /* cardviewicon@2x.png in Resources */,
				3A386273188514AE00F5630B /* 743-printer@2x.png in Resources */,
				3A386272188514AE00F5630B /* 743-printer.png in Resources */,
				3ADE90A118775A77006E187F /* CardImageView.xib in Resources */,
				3AB357D7186CC2010027D5FC /* IdentitySelectionViewController.xib in Resources */,
				3A6AF0E31899BB3B00227C25 /* tableviewicon@2x.png in Resources */,
				3A9E7C511884941200A507C3 /* 702-share@2x.png in Resources */,
				3ADC17371856632500FA2DF7 /* CardEditorViewController.xib in Resources */,
				3A6AF0E01899BB3B00227C25 /* listviewicon.png in Resources */,
				3A85328318550ACE00507B9A /* AboutView.xib in Resources */,
				3AB357DC186DC1F80027D5FC /* IdentityViewCell.xib in Resources */,
				3A7FD6B6188177AF00F0926F /* CardImagePopup.xib in Resources */,
				3ADE909C187741AF006E187F /* SavedDecksViewController.xib in Resources */,
			);
			runOnlyForDeploymentPostprocessing = 0;
		};
		3A3622801849320C007F2854 /* Resources */ = {
			isa = PBXResourcesBuildPhase;
			buildActionMask = 2147483647;
			files = (
				3A36228E1849320C007F2854 /* InfoPlist.strings in Resources */,
			);
			runOnlyForDeploymentPostprocessing = 0;
		};
/* End PBXResourcesBuildPhase section */

/* Begin PBXShellScriptBuildPhase section */
		725041DF7F0E4BE9AF0B94A3 /* Check Pods Manifest.lock */ = {
			isa = PBXShellScriptBuildPhase;
			buildActionMask = 2147483647;
			files = (
			);
			inputPaths = (
			);
			name = "Check Pods Manifest.lock";
			outputPaths = (
			);
			runOnlyForDeploymentPostprocessing = 0;
			shellPath = /bin/sh;
			shellScript = "diff \"${PODS_ROOT}/../Podfile.lock\" \"${PODS_ROOT}/Manifest.lock\" > /dev/null\nif [[ $? != 0 ]] ; then\n    cat << EOM\nerror: The sandbox is not in sync with the Podfile.lock. Run 'pod install' or update your CocoaPods installation.\nEOM\n    exit 1\nfi\n";
			showEnvVarsInLog = 0;
		};
		874BC020E2E4438DA4A0C588 /* Copy Pods Resources */ = {
			isa = PBXShellScriptBuildPhase;
			buildActionMask = 2147483647;
			files = (
			);
			inputPaths = (
			);
			name = "Copy Pods Resources";
			outputPaths = (
			);
			runOnlyForDeploymentPostprocessing = 0;
			shellPath = /bin/sh;
			shellScript = "\"${SRCROOT}/Pods/Pods-resources.sh\"\n\nif [ \"${CONFIGURATION}\" != \"Release\" ]; then\nGITVERSION=$(git describe --dirty=M)\necho \"add git version... $GITVERSION\"\necho -n \"${TARGET_BUILD_DIR}/${INFOPLIST_PATH}\" | xargs -0 /usr/libexec/PlistBuddy -c \"Set :CFBundleVersion $GITVERSION\"\nfi";
			showEnvVarsInLog = 0;
		};
/* End PBXShellScriptBuildPhase section */

/* Begin PBXSourcesBuildPhase section */
		3A36225A1849320C007F2854 /* Sources */ = {
			isa = PBXSourcesBuildPhase;
			buildActionMask = 2147483647;
			files = (
				3A3622721849320C007F2854 /* AppDelegate.m in Sources */,
				3A71C9C8185CC4E200D66A27 /* CardSets.m in Sources */,
				3A9E7C4C18845FDA00A507C3 /* TableData.m in Sources */,
				3A1ECC911879A1CC003400A9 /* DeckExport.m in Sources */,
				3A3622781849320C007F2854 /* FilteredCardViewController.m in Sources */,
				3A4178AB18761BF600DEEFA6 /* IASKTextField.m in Sources */,
				3ADC17361856632500FA2DF7 /* CardEditorViewController.m in Sources */,
				3A4178A918761BF600DEEFA6 /* IASKSlider.m in Sources */,
				3AB357DA186DC1E50027D5FC /* IdentityViewCell.m in Sources */,
				3A4178A218761BF600DEEFA6 /* IASKSettingsStore.m in Sources */,
				3AB357D6186CC2010027D5FC /* IdentitySelectionViewController.m in Sources */,
				3A4178A518761BF600DEEFA6 /* IASKSpecifier.m in Sources */,
				3A4178A618761BF600DEEFA6 /* IASKPSSliderSpecifierViewCell.m in Sources */,
				3AA440EF1854DA630051D4B0 /* DetailViewManager.m in Sources */,
				3A16EAC1185DBC4700DB7FFC /* CardType.m in Sources */,
				3AA440E61854DA4C0051D4B0 /* ActionsTableViewController.m in Sources */,
				3A4178A018761BF600DEEFA6 /* IASKSpecifierValuesViewController.m in Sources */,
				3A85328218550ACE00507B9A /* AboutViewController.m in Sources */,
				3A41789F18761BF600DEEFA6 /* IASKAppSettingsWebViewController.m in Sources */,
				3ADE909918773698006E187F /* SavedDecksViewController.m in Sources */,
				3AF2E8BC1883075500F6306B /* CardFilterPopover.m in Sources */,
				3A4178A118761BF600DEEFA6 /* IASKSettingsReader.m in Sources */,
				3ACE03921882CEC600F22B87 /* ImportDecksViewController.m in Sources */,
				3ADE90921877317F006E187F /* DeckManager.m in Sources */,
				3A4178A418761BF600DEEFA6 /* IASKSettingsStoreUserDefaults.m in Sources */,
				3A4178A318761BF600DEEFA6 /* IASKSettingsStoreFile.m in Sources */,
				3A5BC3F01849326B00E792F7 /* CardCounter.m in Sources */,
				3AA440EC1854DA580051D4B0 /* EmptyDetailViewController.m in Sources */,
				3AA440F81854EF720051D4B0 /* DeckListViewController.m in Sources */,
				3AD066791896CD2100FF1666 /* CardCell.m in Sources */,
				3A5BC3F11849326B00E792F7 /* CardList.m in Sources */,
				3A4178AA18761BF600DEEFA6 /* IASKSwitch.m in Sources */,
				3ADFB17918817AA200AC8F3E /* CardImagePopup.m in Sources */,
				3A4178A818761BF600DEEFA6 /* IASKPSTitleValueSpecifierViewCell.m in Sources */,
				3A6AF0E61899C12500227C25 /* NRNavigationController.m in Sources */,
				3A4178A718761BF600DEEFA6 /* IASKPSTextFieldSpecifierViewCell.m in Sources */,
				3ACCEE231869A25500CC3537 /* LargeCardCell.m in Sources */,
				3A36226E1849320C007F2854 /* main.m in Sources */,
				3A41789E18761BF600DEEFA6 /* IASKAppSettingsViewController.m in Sources */,
				3ADC17311856401D00FA2DF7 /* CardData.m in Sources */,
				3A16EABE185DBA2D00DB7FFC /* Faction.m in Sources */,
				3A721DC1189CFA64004EFDFE /* DeckImport.m in Sources */,
				3A85323F1855050900507B9A /* NRSplitViewController.m in Sources */,
				3A7FD6B41881737700F0926F /* CardImageCell.m in Sources */,
				3A85327D185509B000507B9A /* SettingsViewController.m in Sources */,
				3A4925041869C70300B22DC5 /* CardFilterHeaderView.m in Sources */,
				3ADE90A018775A77006E187F /* CardImageViewPopover.m in Sources */,
				3AD0667E1896D0F100FF1666 /* SmallCardCell.m in Sources */,
				3A5BC3F21849326B00E792F7 /* Deck.m in Sources */,
				3ADE909A18773698006E187F /* SavedDeckCell.m in Sources */,
				3A5FB2EC1888892300DD3CC5 /* ImageCache.m in Sources */,
				3A5BC3EF1849326B00E792F7 /* Card.m in Sources */,
			);
			runOnlyForDeploymentPostprocessing = 0;
		};
		3A36227E1849320C007F2854 /* Sources */ = {
			isa = PBXSourcesBuildPhase;
			buildActionMask = 2147483647;
			files = (
				3A3622901849320C007F2854 /* NRDBTests.m in Sources */,
			);
			runOnlyForDeploymentPostprocessing = 0;
		};
/* End PBXSourcesBuildPhase section */

/* Begin PBXTargetDependency section */
		3A3622881849320C007F2854 /* PBXTargetDependency */ = {
			isa = PBXTargetDependency;
			target = 3A36225D1849320C007F2854 /* NRDB */;
			targetProxy = 3A3622871849320C007F2854 /* PBXContainerItemProxy */;
		};
/* End PBXTargetDependency section */

/* Begin PBXVariantGroup section */
		3A36226A1849320C007F2854 /* InfoPlist.strings */ = {
			isa = PBXVariantGroup;
			children = (
				3A36226B1849320C007F2854 /* en */,
			);
			name = InfoPlist.strings;
			sourceTree = "<group>";
		};
		3A36228C1849320C007F2854 /* InfoPlist.strings */ = {
			isa = PBXVariantGroup;
			children = (
				3A36228D1849320C007F2854 /* en */,
			);
			name = InfoPlist.strings;
			sourceTree = "<group>";
		};
/* End PBXVariantGroup section */

/* Begin XCBuildConfiguration section */
		3A3622911849320C007F2854 /* Debug */ = {
			isa = XCBuildConfiguration;
			buildSettings = {
				ALWAYS_SEARCH_USER_PATHS = YES;
				ARCHS = "$(ARCHS_STANDARD_INCLUDING_64_BIT)";
				CLANG_CXX_LANGUAGE_STANDARD = "gnu++0x";
				CLANG_CXX_LIBRARY = "libc++";
				CLANG_ENABLE_MODULES = YES;
				CLANG_ENABLE_OBJC_ARC = YES;
				CLANG_WARN_BOOL_CONVERSION = YES;
				CLANG_WARN_CONSTANT_CONVERSION = YES;
				CLANG_WARN_DIRECT_OBJC_ISA_USAGE = YES_ERROR;
				CLANG_WARN_EMPTY_BODY = YES;
				CLANG_WARN_ENUM_CONVERSION = YES;
				CLANG_WARN_INT_CONVERSION = YES;
				CLANG_WARN_OBJC_ROOT_CLASS = YES_ERROR;
				CLANG_WARN__DUPLICATE_METHOD_MATCH = YES;
				"CODE_SIGN_IDENTITY[sdk=iphoneos*]" = "iPhone Developer";
				COPY_PHASE_STRIP = NO;
				GCC_C_LANGUAGE_STANDARD = gnu99;
				GCC_DYNAMIC_NO_PIC = NO;
				GCC_OPTIMIZATION_LEVEL = 0;
				GCC_PREPROCESSOR_DEFINITIONS = (
					"DEBUG=1",
					"$(inherited)",
				);
				GCC_SYMBOLS_PRIVATE_EXTERN = NO;
				GCC_WARN_64_TO_32_BIT_CONVERSION = YES;
				GCC_WARN_ABOUT_RETURN_TYPE = YES_ERROR;
				GCC_WARN_UNDECLARED_SELECTOR = YES;
				GCC_WARN_UNINITIALIZED_AUTOS = YES;
				GCC_WARN_UNUSED_FUNCTION = YES;
				GCC_WARN_UNUSED_VARIABLE = YES;
				IPHONEOS_DEPLOYMENT_TARGET = 7.0;
				ONLY_ACTIVE_ARCH = YES;
				OTHER_LDFLAGS = "-ObjC";
				SDKROOT = iphoneos;
				TARGETED_DEVICE_FAMILY = 2;
				USER_HEADER_SEARCH_PATHS = "Externals/DTCoreText/Core/** Externals/DTCoreText/Externals/**";
			};
			name = Debug;
		};
		3A3622921849320C007F2854 /* Release */ = {
			isa = XCBuildConfiguration;
			buildSettings = {
				ALWAYS_SEARCH_USER_PATHS = YES;
				ARCHS = "$(ARCHS_STANDARD_INCLUDING_64_BIT)";
				CLANG_CXX_LANGUAGE_STANDARD = "gnu++0x";
				CLANG_CXX_LIBRARY = "libc++";
				CLANG_ENABLE_MODULES = YES;
				CLANG_ENABLE_OBJC_ARC = YES;
				CLANG_WARN_BOOL_CONVERSION = YES;
				CLANG_WARN_CONSTANT_CONVERSION = YES;
				CLANG_WARN_DIRECT_OBJC_ISA_USAGE = YES_ERROR;
				CLANG_WARN_EMPTY_BODY = YES;
				CLANG_WARN_ENUM_CONVERSION = YES;
				CLANG_WARN_INT_CONVERSION = YES;
				CLANG_WARN_OBJC_ROOT_CLASS = YES_ERROR;
				CLANG_WARN__DUPLICATE_METHOD_MATCH = YES;
				"CODE_SIGN_IDENTITY[sdk=iphoneos*]" = "iPhone Developer";
				COPY_PHASE_STRIP = YES;
				ENABLE_NS_ASSERTIONS = NO;
				GCC_C_LANGUAGE_STANDARD = gnu99;
				GCC_PREPROCESSOR_DEFINITIONS = "RELEASE=1";
				GCC_WARN_64_TO_32_BIT_CONVERSION = YES;
				GCC_WARN_ABOUT_RETURN_TYPE = YES_ERROR;
				GCC_WARN_UNDECLARED_SELECTOR = YES;
				GCC_WARN_UNINITIALIZED_AUTOS = YES;
				GCC_WARN_UNUSED_FUNCTION = YES;
				GCC_WARN_UNUSED_VARIABLE = YES;
				IPHONEOS_DEPLOYMENT_TARGET = 7.0;
				OTHER_LDFLAGS = "-ObjC";
				SDKROOT = iphoneos;
				TARGETED_DEVICE_FAMILY = 2;
				USER_HEADER_SEARCH_PATHS = "Externals/DTCoreText/Core/** Externals/DTCoreText/Externals/**";
				VALIDATE_PRODUCT = YES;
			};
			name = Release;
		};
		3A3622941849320C007F2854 /* Debug */ = {
			isa = XCBuildConfiguration;
			baseConfigurationReference = 51B908737050483393874704 /* Pods.xcconfig */;
			buildSettings = {
				ASSETCATALOG_COMPILER_APPICON_NAME = AppIcon;
				ASSETCATALOG_COMPILER_LAUNCHIMAGE_NAME = LaunchImage;
				CODE_SIGN_IDENTITY = "iPhone Developer";
				GCC_PRECOMPILE_PREFIX_HEADER = YES;
				GCC_PREFIX_HEADER = "NRDB/NRDB-Prefix.pch";
				INFOPLIST_FILE = "NRDB/NRDB-Info.plist";
				PRODUCT_NAME = "$(TARGET_NAME)";
				USER_HEADER_SEARCH_PATHS = "Externals/DTCoreText/Core/** Externals/DTCoreText/Core/Externals/DTFoundation/**";
				WRAPPER_EXTENSION = app;
			};
			name = Debug;
		};
		3A3622951849320C007F2854 /* Release */ = {
			isa = XCBuildConfiguration;
			baseConfigurationReference = 51B908737050483393874704 /* Pods.xcconfig */;
			buildSettings = {
				ASSETCATALOG_COMPILER_APPICON_NAME = AppIcon;
				ASSETCATALOG_COMPILER_LAUNCHIMAGE_NAME = LaunchImage;
				CODE_SIGN_IDENTITY = "iPhone Developer";
				GCC_PRECOMPILE_PREFIX_HEADER = YES;
				GCC_PREFIX_HEADER = "NRDB/NRDB-Prefix.pch";
				INFOPLIST_FILE = "NRDB/NRDB-Info.plist";
				PRODUCT_NAME = "$(TARGET_NAME)";
				USER_HEADER_SEARCH_PATHS = "Externals/DTCoreText/Core/** Externals/DTCoreText/Core/Externals/DTFoundation/**";
				WRAPPER_EXTENSION = app;
			};
			name = Release;
		};
		3A3622971849320C007F2854 /* Debug */ = {
			isa = XCBuildConfiguration;
			buildSettings = {
				ARCHS = "$(ARCHS_STANDARD_INCLUDING_64_BIT)";
				BUNDLE_LOADER = "$(BUILT_PRODUCTS_DIR)/NRDB.app/NRDB";
				FRAMEWORK_SEARCH_PATHS = (
					"$(SDKROOT)/Developer/Library/Frameworks",
					"$(inherited)",
					"$(DEVELOPER_FRAMEWORKS_DIR)",
				);
				GCC_PRECOMPILE_PREFIX_HEADER = YES;
				GCC_PREFIX_HEADER = "NRDB/NRDB-Prefix.pch";
				GCC_PREPROCESSOR_DEFINITIONS = (
					"DEBUG=1",
					"$(inherited)",
				);
				INFOPLIST_FILE = "NRDBTests/NRDBTests-Info.plist";
				PRODUCT_NAME = "$(TARGET_NAME)";
				TEST_HOST = "$(BUNDLE_LOADER)";
				WRAPPER_EXTENSION = xctest;
			};
			name = Debug;
		};
		3A3622981849320C007F2854 /* Release */ = {
			isa = XCBuildConfiguration;
			buildSettings = {
				ARCHS = "$(ARCHS_STANDARD_INCLUDING_64_BIT)";
				BUNDLE_LOADER = "$(BUILT_PRODUCTS_DIR)/NRDB.app/NRDB";
				FRAMEWORK_SEARCH_PATHS = (
					"$(SDKROOT)/Developer/Library/Frameworks",
					"$(inherited)",
					"$(DEVELOPER_FRAMEWORKS_DIR)",
				);
				GCC_PRECOMPILE_PREFIX_HEADER = YES;
				GCC_PREFIX_HEADER = "NRDB/NRDB-Prefix.pch";
				INFOPLIST_FILE = "NRDBTests/NRDBTests-Info.plist";
				PRODUCT_NAME = "$(TARGET_NAME)";
				TEST_HOST = "$(BUNDLE_LOADER)";
				WRAPPER_EXTENSION = xctest;
			};
			name = Release;
		};
		3A6322A118617AEC0095330F /* Adhoc */ = {
			isa = XCBuildConfiguration;
			buildSettings = {
				ALWAYS_SEARCH_USER_PATHS = YES;
				ARCHS = "$(ARCHS_STANDARD_INCLUDING_64_BIT)";
				CLANG_CXX_LANGUAGE_STANDARD = "gnu++0x";
				CLANG_CXX_LIBRARY = "libc++";
				CLANG_ENABLE_MODULES = YES;
				CLANG_ENABLE_OBJC_ARC = YES;
				CLANG_WARN_BOOL_CONVERSION = YES;
				CLANG_WARN_CONSTANT_CONVERSION = YES;
				CLANG_WARN_DIRECT_OBJC_ISA_USAGE = YES_ERROR;
				CLANG_WARN_EMPTY_BODY = YES;
				CLANG_WARN_ENUM_CONVERSION = YES;
				CLANG_WARN_INT_CONVERSION = YES;
				CLANG_WARN_OBJC_ROOT_CLASS = YES_ERROR;
				CLANG_WARN__DUPLICATE_METHOD_MATCH = YES;
				"CODE_SIGN_IDENTITY[sdk=iphoneos*]" = "iPhone Developer";
				COPY_PHASE_STRIP = NO;
				ENABLE_NS_ASSERTIONS = NO;
				GCC_C_LANGUAGE_STANDARD = gnu99;
				GCC_PREPROCESSOR_DEFINITIONS = "ADHOC=1";
				GCC_WARN_64_TO_32_BIT_CONVERSION = YES;
				GCC_WARN_ABOUT_RETURN_TYPE = YES_ERROR;
				GCC_WARN_UNDECLARED_SELECTOR = YES;
				GCC_WARN_UNINITIALIZED_AUTOS = YES;
				GCC_WARN_UNUSED_FUNCTION = YES;
				GCC_WARN_UNUSED_VARIABLE = YES;
				IPHONEOS_DEPLOYMENT_TARGET = 7.0;
				OTHER_LDFLAGS = "-ObjC";
				SDKROOT = iphoneos;
				TARGETED_DEVICE_FAMILY = 2;
				USER_HEADER_SEARCH_PATHS = "Externals/DTCoreText/Core/** Externals/DTCoreText/Externals/**";
				VALIDATE_PRODUCT = YES;
			};
			name = Adhoc;
		};
		3A6322A218617AEC0095330F /* Adhoc */ = {
			isa = XCBuildConfiguration;
			baseConfigurationReference = 51B908737050483393874704 /* Pods.xcconfig */;
			buildSettings = {
				ASSETCATALOG_COMPILER_APPICON_NAME = AppIcon;
				ASSETCATALOG_COMPILER_LAUNCHIMAGE_NAME = LaunchImage;
				CODE_SIGN_IDENTITY = "iPhone Developer";
				GCC_PRECOMPILE_PREFIX_HEADER = YES;
				GCC_PREFIX_HEADER = "NRDB/NRDB-Prefix.pch";
				INFOPLIST_FILE = "NRDB/NRDB-Info.plist";
				PRODUCT_NAME = "$(TARGET_NAME)";
				USER_HEADER_SEARCH_PATHS = "Externals/DTCoreText/Core/** Externals/DTCoreText/Core/Externals/DTFoundation/**";
				WRAPPER_EXTENSION = app;
			};
			name = Adhoc;
		};
		3A6322A318617AEC0095330F /* Adhoc */ = {
			isa = XCBuildConfiguration;
			buildSettings = {
				ARCHS = "$(ARCHS_STANDARD_INCLUDING_64_BIT)";
				BUNDLE_LOADER = "$(BUILT_PRODUCTS_DIR)/NRDB.app/NRDB";
				FRAMEWORK_SEARCH_PATHS = (
					"$(SDKROOT)/Developer/Library/Frameworks",
					"$(inherited)",
					"$(DEVELOPER_FRAMEWORKS_DIR)",
				);
				GCC_PRECOMPILE_PREFIX_HEADER = YES;
				GCC_PREFIX_HEADER = "NRDB/NRDB-Prefix.pch";
				INFOPLIST_FILE = "NRDBTests/NRDBTests-Info.plist";
				PRODUCT_NAME = "$(TARGET_NAME)";
				TEST_HOST = "$(BUNDLE_LOADER)";
				WRAPPER_EXTENSION = xctest;
			};
			name = Adhoc;
		};
/* End XCBuildConfiguration section */

/* Begin XCConfigurationList section */
		3A3622591849320C007F2854 /* Build configuration list for PBXProject "NRDB" */ = {
			isa = XCConfigurationList;
			buildConfigurations = (
				3A3622911849320C007F2854 /* Debug */,
				3A3622921849320C007F2854 /* Release */,
				3A6322A118617AEC0095330F /* Adhoc */,
			);
			defaultConfigurationIsVisible = 0;
			defaultConfigurationName = Release;
		};
		3A3622931849320C007F2854 /* Build configuration list for PBXNativeTarget "NRDB" */ = {
			isa = XCConfigurationList;
			buildConfigurations = (
				3A3622941849320C007F2854 /* Debug */,
				3A3622951849320C007F2854 /* Release */,
				3A6322A218617AEC0095330F /* Adhoc */,
			);
			defaultConfigurationIsVisible = 0;
			defaultConfigurationName = Release;
		};
		3A3622961849320C007F2854 /* Build configuration list for PBXNativeTarget "NRDBTests" */ = {
			isa = XCConfigurationList;
			buildConfigurations = (
				3A3622971849320C007F2854 /* Debug */,
				3A3622981849320C007F2854 /* Release */,
				3A6322A318617AEC0095330F /* Adhoc */,
			);
			defaultConfigurationIsVisible = 0;
			defaultConfigurationName = Release;
		};
/* End XCConfigurationList section */
	};
	rootObject = 3A3622561849320C007F2854 /* Project object */;
}
